// !$*UTF8*$!
{
	archiveVersion = 1;
	classes = {
	};
	objectVersion = 46;
	objects = {

/* Begin PBXBuildFile section */
		606F151E1D6ED0BE00CC9F4C /* main.m in Sources */ = {isa = PBXBuildFile; fileRef = 606F151D1D6ED0BE00CC9F4C /* main.m */; };
		606F15211D6ED0BE00CC9F4C /* AppDelegate.m in Sources */ = {isa = PBXBuildFile; fileRef = 606F15201D6ED0BE00CC9F4C /* AppDelegate.m */; };
		606F15241D6ED0BE00CC9F4C /* ViewController.m in Sources */ = {isa = PBXBuildFile; fileRef = 606F15231D6ED0BE00CC9F4C /* ViewController.m */; };
		606F15271D6ED0BE00CC9F4C /* Main.storyboard in Resources */ = {isa = PBXBuildFile; fileRef = 606F15251D6ED0BE00CC9F4C /* Main.storyboard */; };
		606F15291D6ED0BE00CC9F4C /* Assets.xcassets in Resources */ = {isa = PBXBuildFile; fileRef = 606F15281D6ED0BE00CC9F4C /* Assets.xcassets */; };
		606F152C1D6ED0BE00CC9F4C /* LaunchScreen.storyboard in Resources */ = {isa = PBXBuildFile; fileRef = 606F152A1D6ED0BE00CC9F4C /* LaunchScreen.storyboard */; };
		606F15371D6ED0BE00CC9F4C /* ____Tests.m in Sources */ = {isa = PBXBuildFile; fileRef = 606F15361D6ED0BE00CC9F4C /* ____Tests.m */; };
		606F15421D6ED0BE00CC9F4C /* ____UITests.m in Sources */ = {isa = PBXBuildFile; fileRef = 606F15411D6ED0BE00CC9F4C /* ____UITests.m */; };
		606F16151D6ED2C700CC9F4C /* 203.png in Resources */ = {isa = PBXBuildFile; fileRef = 606F15501D6ED2C600CC9F4C /* 203.png */; };
		606F16161D6ED2C700CC9F4C /* 204.png in Resources */ = {isa = PBXBuildFile; fileRef = 606F15511D6ED2C600CC9F4C /* 204.png */; };
		606F16171D6ED2C700CC9F4C /* 205.png in Resources */ = {isa = PBXBuildFile; fileRef = 606F15521D6ED2C600CC9F4C /* 205.png */; };
		606F16181D6ED2C700CC9F4C /* 206.png in Resources */ = {isa = PBXBuildFile; fileRef = 606F15531D6ED2C600CC9F4C /* 206.png */; };
		606F16191D6ED2C700CC9F4C /* 207.png in Resources */ = {isa = PBXBuildFile; fileRef = 606F15541D6ED2C600CC9F4C /* 207.png */; };
		606F161A1D6ED2C700CC9F4C /* 208.png in Resources */ = {isa = PBXBuildFile; fileRef = 606F15551D6ED2C600CC9F4C /* 208.png */; };
		606F161B1D6ED2C700CC9F4C /* 209.png in Resources */ = {isa = PBXBuildFile; fileRef = 606F15561D6ED2C600CC9F4C /* 209.png */; };
		606F161C1D6ED2C700CC9F4C /* 210.png in Resources */ = {isa = PBXBuildFile; fileRef = 606F15571D6ED2C600CC9F4C /* 210.png */; };
		606F161D1D6ED2C700CC9F4C /* 211.png in Resources */ = {isa = PBXBuildFile; fileRef = 606F15581D6ED2C600CC9F4C /* 211.png */; };
		606F161E1D6ED2C700CC9F4C /* 212.png in Resources */ = {isa = PBXBuildFile; fileRef = 606F15591D6ED2C600CC9F4C /* 212.png */; };
		606F161F1D6ED2C700CC9F4C /* 213.png in Resources */ = {isa = PBXBuildFile; fileRef = 606F155A1D6ED2C600CC9F4C /* 213.png */; };
		606F16201D6ED2C700CC9F4C /* 214.png in Resources */ = {isa = PBXBuildFile; fileRef = 606F155B1D6ED2C600CC9F4C /* 214.png */; };
		606F16211D6ED2C700CC9F4C /* 215.png in Resources */ = {isa = PBXBuildFile; fileRef = 606F155C1D6ED2C600CC9F4C /* 215.png */; };
		606F16221D6ED2C700CC9F4C /* 216.png in Resources */ = {isa = PBXBuildFile; fileRef = 606F155D1D6ED2C600CC9F4C /* 216.png */; };
		606F16231D6ED2C700CC9F4C /* 217.png in Resources */ = {isa = PBXBuildFile; fileRef = 606F155E1D6ED2C600CC9F4C /* 217.png */; };
		606F16241D6ED2C700CC9F4C /* 218.png in Resources */ = {isa = PBXBuildFile; fileRef = 606F155F1D6ED2C600CC9F4C /* 218.png */; };
		606F16251D6ED2C700CC9F4C /* 219.png in Resources */ = {isa = PBXBuildFile; fileRef = 606F15601D6ED2C600CC9F4C /* 219.png */; };
		606F16261D6ED2C700CC9F4C /* 220.png in Resources */ = {isa = PBXBuildFile; fileRef = 606F15611D6ED2C600CC9F4C /* 220.png */; };
		606F16271D6ED2C700CC9F4C /* 221.png in Resources */ = {isa = PBXBuildFile; fileRef = 606F15621D6ED2C600CC9F4C /* 221.png */; };
		606F16281D6ED2C700CC9F4C /* 222.png in Resources */ = {isa = PBXBuildFile; fileRef = 606F15631D6ED2C600CC9F4C /* 222.png */; };
		606F16291D6ED2C700CC9F4C /* 223.png in Resources */ = {isa = PBXBuildFile; fileRef = 606F15641D6ED2C600CC9F4C /* 223.png */; };
		606F162A1D6ED2C700CC9F4C /* 224.png in Resources */ = {isa = PBXBuildFile; fileRef = 606F15651D6ED2C600CC9F4C /* 224.png */; };
		606F162B1D6ED2C700CC9F4C /* 225.png in Resources */ = {isa = PBXBuildFile; fileRef = 606F15661D6ED2C600CC9F4C /* 225.png */; };
		606F162C1D6ED2C700CC9F4C /* 226.png in Resources */ = {isa = PBXBuildFile; fileRef = 606F15671D6ED2C600CC9F4C /* 226.png */; };
		606F162D1D6ED2C700CC9F4C /* 227.png in Resources */ = {isa = PBXBuildFile; fileRef = 606F15681D6ED2C600CC9F4C /* 227.png */; };
		606F162E1D6ED2C700CC9F4C /* 228.png in Resources */ = {isa = PBXBuildFile; fileRef = 606F15691D6ED2C600CC9F4C /* 228.png */; };
		606F162F1D6ED2C700CC9F4C /* 229.png in Resources */ = {isa = PBXBuildFile; fileRef = 606F156A1D6ED2C600CC9F4C /* 229.png */; };
		606F16301D6ED2C700CC9F4C /* 230.png in Resources */ = {isa = PBXBuildFile; fileRef = 606F156B1D6ED2C600CC9F4C /* 230.png */; };
		606F16311D6ED2C700CC9F4C /* 231.png in Resources */ = {isa = PBXBuildFile; fileRef = 606F156C1D6ED2C600CC9F4C /* 231.png */; };
		606F16321D6ED2C700CC9F4C /* 232.png in Resources */ = {isa = PBXBuildFile; fileRef = 606F156D1D6ED2C600CC9F4C /* 232.png */; };
		606F16331D6ED2C700CC9F4C /* 233.png in Resources */ = {isa = PBXBuildFile; fileRef = 606F156E1D6ED2C600CC9F4C /* 233.png */; };
		606F16341D6ED2C700CC9F4C /* 234.png in Resources */ = {isa = PBXBuildFile; fileRef = 606F156F1D6ED2C600CC9F4C /* 234.png */; };
		606F16351D6ED2C700CC9F4C /* 235.png in Resources */ = {isa = PBXBuildFile; fileRef = 606F15701D6ED2C600CC9F4C /* 235.png */; };
		606F16361D6ED2C700CC9F4C /* 236.png in Resources */ = {isa = PBXBuildFile; fileRef = 606F15711D6ED2C600CC9F4C /* 236.png */; };
		606F16371D6ED2C700CC9F4C /* 237.png in Resources */ = {isa = PBXBuildFile; fileRef = 606F15721D6ED2C600CC9F4C /* 237.png */; };
		606F16381D6ED2C700CC9F4C /* 238.png in Resources */ = {isa = PBXBuildFile; fileRef = 606F15731D6ED2C600CC9F4C /* 238.png */; };
		606F16391D6ED2C700CC9F4C /* 239.png in Resources */ = {isa = PBXBuildFile; fileRef = 606F15741D6ED2C600CC9F4C /* 239.png */; };
		606F163A1D6ED2C700CC9F4C /* 240.png in Resources */ = {isa = PBXBuildFile; fileRef = 606F15751D6ED2C600CC9F4C /* 240.png */; };
		606F163B1D6ED2C700CC9F4C /* 241.png in Resources */ = {isa = PBXBuildFile; fileRef = 606F15761D6ED2C600CC9F4C /* 241.png */; };
		606F163C1D6ED2C700CC9F4C /* 242.png in Resources */ = {isa = PBXBuildFile; fileRef = 606F15771D6ED2C600CC9F4C /* 242.png */; };
		606F163D1D6ED2C700CC9F4C /* 243.png in Resources */ = {isa = PBXBuildFile; fileRef = 606F15781D6ED2C600CC9F4C /* 243.png */; };
		606F163E1D6ED2C700CC9F4C /* 244.png in Resources */ = {isa = PBXBuildFile; fileRef = 606F15791D6ED2C600CC9F4C /* 244.png */; };
		606F163F1D6ED2C700CC9F4C /* 245.png in Resources */ = {isa = PBXBuildFile; fileRef = 606F157A1D6ED2C600CC9F4C /* 245.png */; };
		606F16401D6ED2C700CC9F4C /* 246.png in Resources */ = {isa = PBXBuildFile; fileRef = 606F157B1D6ED2C600CC9F4C /* 246.png */; };
		606F16411D6ED2C700CC9F4C /* 247.png in Resources */ = {isa = PBXBuildFile; fileRef = 606F157C1D6ED2C600CC9F4C /* 247.png */; };
		606F16421D6ED2C700CC9F4C /* 248.png in Resources */ = {isa = PBXBuildFile; fileRef = 606F157D1D6ED2C600CC9F4C /* 248.png */; };
		606F16431D6ED2C700CC9F4C /* 249.png in Resources */ = {isa = PBXBuildFile; fileRef = 606F157E1D6ED2C600CC9F4C /* 249.png */; };
		606F16441D6ED2C700CC9F4C /* 250.png in Resources */ = {isa = PBXBuildFile; fileRef = 606F157F1D6ED2C600CC9F4C /* 250.png */; };
		606F16451D6ED2C700CC9F4C /* 251.png in Resources */ = {isa = PBXBuildFile; fileRef = 606F15801D6ED2C600CC9F4C /* 251.png */; };
		606F16461D6ED2C700CC9F4C /* 252.png in Resources */ = {isa = PBXBuildFile; fileRef = 606F15811D6ED2C600CC9F4C /* 252.png */; };
		606F16471D6ED2C700CC9F4C /* 253.png in Resources */ = {isa = PBXBuildFile; fileRef = 606F15821D6ED2C600CC9F4C /* 253.png */; };
		606F16481D6ED2C700CC9F4C /* 254.png in Resources */ = {isa = PBXBuildFile; fileRef = 606F15831D6ED2C600CC9F4C /* 254.png */; };
		606F16491D6ED2C700CC9F4C /* 255.png in Resources */ = {isa = PBXBuildFile; fileRef = 606F15841D6ED2C600CC9F4C /* 255.png */; };
		606F164A1D6ED2C700CC9F4C /* 256.png in Resources */ = {isa = PBXBuildFile; fileRef = 606F15851D6ED2C600CC9F4C /* 256.png */; };
		606F164B1D6ED2C700CC9F4C /* 257.png in Resources */ = {isa = PBXBuildFile; fileRef = 606F15861D6ED2C600CC9F4C /* 257.png */; };
		606F164C1D6ED2C700CC9F4C /* 258.png in Resources */ = {isa = PBXBuildFile; fileRef = 606F15871D6ED2C600CC9F4C /* 258.png */; };
		606F164D1D6ED2C700CC9F4C /* 259.png in Resources */ = {isa = PBXBuildFile; fileRef = 606F15881D6ED2C600CC9F4C /* 259.png */; };
		606F164E1D6ED2C700CC9F4C /* 260.png in Resources */ = {isa = PBXBuildFile; fileRef = 606F15891D6ED2C600CC9F4C /* 260.png */; };
		606F164F1D6ED2C700CC9F4C /* 261.png in Resources */ = {isa = PBXBuildFile; fileRef = 606F158A1D6ED2C600CC9F4C /* 261.png */; };
		606F16501D6ED2C700CC9F4C /* 262.png in Resources */ = {isa = PBXBuildFile; fileRef = 606F158B1D6ED2C600CC9F4C /* 262.png */; };
		606F16511D6ED2C700CC9F4C /* 263.png in Resources */ = {isa = PBXBuildFile; fileRef = 606F158C1D6ED2C600CC9F4C /* 263.png */; };
		606F16521D6ED2C700CC9F4C /* 264.png in Resources */ = {isa = PBXBuildFile; fileRef = 606F158D1D6ED2C600CC9F4C /* 264.png */; };
		606F16531D6ED2C700CC9F4C /* 265.png in Resources */ = {isa = PBXBuildFile; fileRef = 606F158E1D6ED2C600CC9F4C /* 265.png */; };
		606F16541D6ED2C700CC9F4C /* 266.png in Resources */ = {isa = PBXBuildFile; fileRef = 606F158F1D6ED2C600CC9F4C /* 266.png */; };
		606F16551D6ED2C700CC9F4C /* 267.png in Resources */ = {isa = PBXBuildFile; fileRef = 606F15901D6ED2C600CC9F4C /* 267.png */; };
		606F16561D6ED2C700CC9F4C /* 268.png in Resources */ = {isa = PBXBuildFile; fileRef = 606F15911D6ED2C600CC9F4C /* 268.png */; };
		606F16571D6ED2C700CC9F4C /* 269.png in Resources */ = {isa = PBXBuildFile; fileRef = 606F15921D6ED2C600CC9F4C /* 269.png */; };
		606F16581D6ED2C700CC9F4C /* 270.png in Resources */ = {isa = PBXBuildFile; fileRef = 606F15931D6ED2C600CC9F4C /* 270.png */; };
		606F16591D6ED2C700CC9F4C /* 271.png in Resources */ = {isa = PBXBuildFile; fileRef = 606F15941D6ED2C600CC9F4C /* 271.png */; };
		606F165A1D6ED2C700CC9F4C /* 272.png in Resources */ = {isa = PBXBuildFile; fileRef = 606F15951D6ED2C600CC9F4C /* 272.png */; };
		606F165B1D6ED2C700CC9F4C /* 273.png in Resources */ = {isa = PBXBuildFile; fileRef = 606F15961D6ED2C600CC9F4C /* 273.png */; };
		606F165C1D6ED2C700CC9F4C /* 274.png in Resources */ = {isa = PBXBuildFile; fileRef = 606F15971D6ED2C600CC9F4C /* 274.png */; };
		606F165D1D6ED2C700CC9F4C /* 275.png in Resources */ = {isa = PBXBuildFile; fileRef = 606F15981D6ED2C600CC9F4C /* 275.png */; };
		606F165E1D6ED2C700CC9F4C /* 276.png in Resources */ = {isa = PBXBuildFile; fileRef = 606F15991D6ED2C600CC9F4C /* 276.png */; };
		606F165F1D6ED2C700CC9F4C /* 277.png in Resources */ = {isa = PBXBuildFile; fileRef = 606F159A1D6ED2C600CC9F4C /* 277.png */; };
		606F16601D6ED2C700CC9F4C /* 278.png in Resources */ = {isa = PBXBuildFile; fileRef = 606F159B1D6ED2C600CC9F4C /* 278.png */; };
		606F16611D6ED2C700CC9F4C /* 279.png in Resources */ = {isa = PBXBuildFile; fileRef = 606F159C1D6ED2C600CC9F4C /* 279.png */; };
		606F16621D6ED2C700CC9F4C /* 280.png in Resources */ = {isa = PBXBuildFile; fileRef = 606F159D1D6ED2C600CC9F4C /* 280.png */; };
		606F16631D6ED2C700CC9F4C /* 281.png in Resources */ = {isa = PBXBuildFile; fileRef = 606F159E1D6ED2C600CC9F4C /* 281.png */; };
		606F16641D6ED2C700CC9F4C /* 282.png in Resources */ = {isa = PBXBuildFile; fileRef = 606F159F1D6ED2C600CC9F4C /* 282.png */; };
		606F16651D6ED2C700CC9F4C /* 283.png in Resources */ = {isa = PBXBuildFile; fileRef = 606F15A01D6ED2C600CC9F4C /* 283.png */; };
		606F16661D6ED2C700CC9F4C /* 284.png in Resources */ = {isa = PBXBuildFile; fileRef = 606F15A11D6ED2C600CC9F4C /* 284.png */; };
		606F16671D6ED2C700CC9F4C /* 285.png in Resources */ = {isa = PBXBuildFile; fileRef = 606F15A21D6ED2C600CC9F4C /* 285.png */; };
		606F16681D6ED2C700CC9F4C /* 286.png in Resources */ = {isa = PBXBuildFile; fileRef = 606F15A31D6ED2C600CC9F4C /* 286.png */; };
		606F16691D6ED2C700CC9F4C /* 287.png in Resources */ = {isa = PBXBuildFile; fileRef = 606F15A41D6ED2C600CC9F4C /* 287.png */; };
		606F166A1D6ED2C700CC9F4C /* 288.png in Resources */ = {isa = PBXBuildFile; fileRef = 606F15A51D6ED2C600CC9F4C /* 288.png */; };
		606F166B1D6ED2C700CC9F4C /* 289.png in Resources */ = {isa = PBXBuildFile; fileRef = 606F15A61D6ED2C600CC9F4C /* 289.png */; };
		606F166C1D6ED2C700CC9F4C /* 290.png in Resources */ = {isa = PBXBuildFile; fileRef = 606F15A71D6ED2C600CC9F4C /* 290.png */; };
		606F166D1D6ED2C700CC9F4C /* 291.png in Resources */ = {isa = PBXBuildFile; fileRef = 606F15A81D6ED2C600CC9F4C /* 291.png */; };
		606F166E1D6ED2C700CC9F4C /* 292.png in Resources */ = {isa = PBXBuildFile; fileRef = 606F15A91D6ED2C600CC9F4C /* 292.png */; };
		606F166F1D6ED2C700CC9F4C /* 293.png in Resources */ = {isa = PBXBuildFile; fileRef = 606F15AA1D6ED2C600CC9F4C /* 293.png */; };
		606F16701D6ED2C700CC9F4C /* 294.png in Resources */ = {isa = PBXBuildFile; fileRef = 606F15AB1D6ED2C600CC9F4C /* 294.png */; };
		606F16711D6ED2C700CC9F4C /* 295.png in Resources */ = {isa = PBXBuildFile; fileRef = 606F15AC1D6ED2C600CC9F4C /* 295.png */; };
		606F16721D6ED2C700CC9F4C /* 296.png in Resources */ = {isa = PBXBuildFile; fileRef = 606F15AD1D6ED2C600CC9F4C /* 296.png */; };
		606F16731D6ED2C700CC9F4C /* 297.png in Resources */ = {isa = PBXBuildFile; fileRef = 606F15AE1D6ED2C600CC9F4C /* 297.png */; };
		606F16741D6ED2C700CC9F4C /* 298.png in Resources */ = {isa = PBXBuildFile; fileRef = 606F15AF1D6ED2C600CC9F4C /* 298.png */; };
		606F16751D6ED2C700CC9F4C /* 299.png in Resources */ = {isa = PBXBuildFile; fileRef = 606F15B01D6ED2C600CC9F4C /* 299.png */; };
		606F16761D6ED2C700CC9F4C /* 300.png in Resources */ = {isa = PBXBuildFile; fileRef = 606F15B11D6ED2C600CC9F4C /* 300.png */; };
		606F16771D6ED2C700CC9F4C /* 301.png in Resources */ = {isa = PBXBuildFile; fileRef = 606F15B21D6ED2C600CC9F4C /* 301.png */; };
		606F16781D6ED2C700CC9F4C /* 302.png in Resources */ = {isa = PBXBuildFile; fileRef = 606F15B31D6ED2C600CC9F4C /* 302.png */; };
		606F16791D6ED2C700CC9F4C /* 303.png in Resources */ = {isa = PBXBuildFile; fileRef = 606F15B41D6ED2C600CC9F4C /* 303.png */; };
		606F167A1D6ED2C700CC9F4C /* 304.png in Resources */ = {isa = PBXBuildFile; fileRef = 606F15B51D6ED2C600CC9F4C /* 304.png */; };
		606F167B1D6ED2C700CC9F4C /* 305.png in Resources */ = {isa = PBXBuildFile; fileRef = 606F15B61D6ED2C600CC9F4C /* 305.png */; };
		606F167C1D6ED2C700CC9F4C /* 306.png in Resources */ = {isa = PBXBuildFile; fileRef = 606F15B71D6ED2C600CC9F4C /* 306.png */; };
		606F167D1D6ED2C700CC9F4C /* 307.png in Resources */ = {isa = PBXBuildFile; fileRef = 606F15B81D6ED2C600CC9F4C /* 307.png */; };
		606F167E1D6ED2C700CC9F4C /* 308.png in Resources */ = {isa = PBXBuildFile; fileRef = 606F15B91D6ED2C600CC9F4C /* 308.png */; };
		606F167F1D6ED2C700CC9F4C /* 309.png in Resources */ = {isa = PBXBuildFile; fileRef = 606F15BA1D6ED2C600CC9F4C /* 309.png */; };
		606F16801D6ED2C700CC9F4C /* 310.png in Resources */ = {isa = PBXBuildFile; fileRef = 606F15BB1D6ED2C600CC9F4C /* 310.png */; };
		606F16811D6ED2C700CC9F4C /* 311.png in Resources */ = {isa = PBXBuildFile; fileRef = 606F15BC1D6ED2C600CC9F4C /* 311.png */; };
		606F16821D6ED2C700CC9F4C /* 312.png in Resources */ = {isa = PBXBuildFile; fileRef = 606F15BD1D6ED2C600CC9F4C /* 312.png */; };
		606F16831D6ED2C700CC9F4C /* 313.png in Resources */ = {isa = PBXBuildFile; fileRef = 606F15BE1D6ED2C600CC9F4C /* 313.png */; };
		606F16841D6ED2C700CC9F4C /* 314.png in Resources */ = {isa = PBXBuildFile; fileRef = 606F15BF1D6ED2C600CC9F4C /* 314.png */; };
		606F16851D6ED2C700CC9F4C /* 315.png in Resources */ = {isa = PBXBuildFile; fileRef = 606F15C01D6ED2C600CC9F4C /* 315.png */; };
		606F16861D6ED2C700CC9F4C /* 316.png in Resources */ = {isa = PBXBuildFile; fileRef = 606F15C11D6ED2C600CC9F4C /* 316.png */; };
		606F16871D6ED2C700CC9F4C /* 317.png in Resources */ = {isa = PBXBuildFile; fileRef = 606F15C21D6ED2C600CC9F4C /* 317.png */; };
		606F16881D6ED2C700CC9F4C /* 318.png in Resources */ = {isa = PBXBuildFile; fileRef = 606F15C31D6ED2C600CC9F4C /* 318.png */; };
		606F16891D6ED2C700CC9F4C /* 319.png in Resources */ = {isa = PBXBuildFile; fileRef = 606F15C41D6ED2C600CC9F4C /* 319.png */; };
		606F168A1D6ED2C700CC9F4C /* 320.png in Resources */ = {isa = PBXBuildFile; fileRef = 606F15C51D6ED2C700CC9F4C /* 320.png */; };
		606F168B1D6ED2C700CC9F4C /* 321.png in Resources */ = {isa = PBXBuildFile; fileRef = 606F15C61D6ED2C700CC9F4C /* 321.png */; };
		606F168C1D6ED2C700CC9F4C /* 322.png in Resources */ = {isa = PBXBuildFile; fileRef = 606F15C71D6ED2C700CC9F4C /* 322.png */; };
		606F168D1D6ED2C700CC9F4C /* 323.png in Resources */ = {isa = PBXBuildFile; fileRef = 606F15C81D6ED2C700CC9F4C /* 323.png */; };
		606F168E1D6ED2C700CC9F4C /* 324.png in Resources */ = {isa = PBXBuildFile; fileRef = 606F15C91D6ED2C700CC9F4C /* 324.png */; };
		606F168F1D6ED2C700CC9F4C /* 325.png in Resources */ = {isa = PBXBuildFile; fileRef = 606F15CA1D6ED2C700CC9F4C /* 325.png */; };
		606F16901D6ED2C700CC9F4C /* 326.png in Resources */ = {isa = PBXBuildFile; fileRef = 606F15CB1D6ED2C700CC9F4C /* 326.png */; };
		606F16911D6ED2C700CC9F4C /* 327.png in Resources */ = {isa = PBXBuildFile; fileRef = 606F15CC1D6ED2C700CC9F4C /* 327.png */; };
		606F16921D6ED2C700CC9F4C /* 328.png in Resources */ = {isa = PBXBuildFile; fileRef = 606F15CD1D6ED2C700CC9F4C /* 328.png */; };
		606F16931D6ED2C700CC9F4C /* 329.png in Resources */ = {isa = PBXBuildFile; fileRef = 606F15CE1D6ED2C700CC9F4C /* 329.png */; };
		606F16941D6ED2C700CC9F4C /* 330.png in Resources */ = {isa = PBXBuildFile; fileRef = 606F15CF1D6ED2C700CC9F4C /* 330.png */; };
		606F16951D6ED2C700CC9F4C /* 331.png in Resources */ = {isa = PBXBuildFile; fileRef = 606F15D01D6ED2C700CC9F4C /* 331.png */; };
		606F16961D6ED2C700CC9F4C /* 332.png in Resources */ = {isa = PBXBuildFile; fileRef = 606F15D11D6ED2C700CC9F4C /* 332.png */; };
		606F16971D6ED2C700CC9F4C /* 333.png in Resources */ = {isa = PBXBuildFile; fileRef = 606F15D21D6ED2C700CC9F4C /* 333.png */; };
		606F16981D6ED2C700CC9F4C /* 334.png in Resources */ = {isa = PBXBuildFile; fileRef = 606F15D31D6ED2C700CC9F4C /* 334.png */; };
		606F16991D6ED2C700CC9F4C /* 335.png in Resources */ = {isa = PBXBuildFile; fileRef = 606F15D41D6ED2C700CC9F4C /* 335.png */; };
		606F169A1D6ED2C700CC9F4C /* 336.png in Resources */ = {isa = PBXBuildFile; fileRef = 606F15D51D6ED2C700CC9F4C /* 336.png */; };
		606F169B1D6ED2C700CC9F4C /* 337.png in Resources */ = {isa = PBXBuildFile; fileRef = 606F15D61D6ED2C700CC9F4C /* 337.png */; };
		606F169C1D6ED2C700CC9F4C /* 338.png in Resources */ = {isa = PBXBuildFile; fileRef = 606F15D71D6ED2C700CC9F4C /* 338.png */; };
		606F169D1D6ED2C700CC9F4C /* 339.png in Resources */ = {isa = PBXBuildFile; fileRef = 606F15D81D6ED2C700CC9F4C /* 339.png */; };
		606F169E1D6ED2C700CC9F4C /* 340.png in Resources */ = {isa = PBXBuildFile; fileRef = 606F15D91D6ED2C700CC9F4C /* 340.png */; };
		606F169F1D6ED2C700CC9F4C /* 341.png in Resources */ = {isa = PBXBuildFile; fileRef = 606F15DA1D6ED2C700CC9F4C /* 341.png */; };
		606F16A01D6ED2C700CC9F4C /* 342.png in Resources */ = {isa = PBXBuildFile; fileRef = 606F15DB1D6ED2C700CC9F4C /* 342.png */; };
		606F16A11D6ED2C700CC9F4C /* 343.png in Resources */ = {isa = PBXBuildFile; fileRef = 606F15DC1D6ED2C700CC9F4C /* 343.png */; };
		606F16A21D6ED2C700CC9F4C /* 668.png in Resources */ = {isa = PBXBuildFile; fileRef = 606F15DD1D6ED2C700CC9F4C /* 668.png */; };
		606F16A31D6ED2C700CC9F4C /* 669.png in Resources */ = {isa = PBXBuildFile; fileRef = 606F15DE1D6ED2C700CC9F4C /* 669.png */; };
		606F16A41D6ED2C700CC9F4C /* 670.png in Resources */ = {isa = PBXBuildFile; fileRef = 606F15DF1D6ED2C700CC9F4C /* 670.png */; };
		606F16A51D6ED2C700CC9F4C /* 671.png in Resources */ = {isa = PBXBuildFile; fileRef = 606F15E01D6ED2C700CC9F4C /* 671.png */; };
		606F16A61D6ED2C700CC9F4C /* 672.png in Resources */ = {isa = PBXBuildFile; fileRef = 606F15E11D6ED2C700CC9F4C /* 672.png */; };
		606F16A71D6ED2C700CC9F4C /* 673.png in Resources */ = {isa = PBXBuildFile; fileRef = 606F15E21D6ED2C700CC9F4C /* 673.png */; };
		606F16A81D6ED2C700CC9F4C /* 677.png in Resources */ = {isa = PBXBuildFile; fileRef = 606F15E31D6ED2C700CC9F4C /* 677.png */; };
		606F16A91D6ED2C700CC9F4C /* 678.png in Resources */ = {isa = PBXBuildFile; fileRef = 606F15E41D6ED2C700CC9F4C /* 678.png */; };
		606F16AA1D6ED2C700CC9F4C /* 679.png in Resources */ = {isa = PBXBuildFile; fileRef = 606F15E51D6ED2C700CC9F4C /* 679.png */; };
		606F16AB1D6ED2C700CC9F4C /* 680.png in Resources */ = {isa = PBXBuildFile; fileRef = 606F15E61D6ED2C700CC9F4C /* 680.png */; };
		606F16AC1D6ED2C700CC9F4C /* 681.png in Resources */ = {isa = PBXBuildFile; fileRef = 606F15E71D6ED2C700CC9F4C /* 681.png */; };
		606F16AD1D6ED2C700CC9F4C /* 682.png in Resources */ = {isa = PBXBuildFile; fileRef = 606F15E81D6ED2C700CC9F4C /* 682.png */; };
		606F16AE1D6ED2C700CC9F4C /* 683.png in Resources */ = {isa = PBXBuildFile; fileRef = 606F15E91D6ED2C700CC9F4C /* 683.png */; };
		606F16AF1D6ED2C700CC9F4C /* 684.png in Resources */ = {isa = PBXBuildFile; fileRef = 606F15EA1D6ED2C700CC9F4C /* 684.png */; };
		606F16B01D6ED2C700CC9F4C /* 685.png in Resources */ = {isa = PBXBuildFile; fileRef = 606F15EB1D6ED2C700CC9F4C /* 685.png */; };
		606F16B11D6ED2C700CC9F4C /* 687.png in Resources */ = {isa = PBXBuildFile; fileRef = 606F15EC1D6ED2C700CC9F4C /* 687.png */; };
		606F16B21D6ED2C700CC9F4C /* data.sqlite in Resources */ = {isa = PBXBuildFile; fileRef = 606F15ED1D6ED2C700CC9F4C /* data.sqlite */; };
		606F16B31D6ED2C700CC9F4C /* FMDatabase.m in Sources */ = {isa = PBXBuildFile; fileRef = 606F15F01D6ED2C700CC9F4C /* FMDatabase.m */; settings = {COMPILER_FLAGS = "-fno-objc-arc"; }; };
		606F16B41D6ED2C700CC9F4C /* FMDatabaseAdditions.m in Sources */ = {isa = PBXBuildFile; fileRef = 606F15F21D6ED2C700CC9F4C /* FMDatabaseAdditions.m */; settings = {COMPILER_FLAGS = "-fno-objc-arc"; }; };
		606F16B51D6ED2C700CC9F4C /* FMDatabasePool.m in Sources */ = {isa = PBXBuildFile; fileRef = 606F15F41D6ED2C700CC9F4C /* FMDatabasePool.m */; settings = {COMPILER_FLAGS = "-fno-objc-arc"; }; };
		606F16B61D6ED2C700CC9F4C /* FMDatabaseQueue.m in Sources */ = {isa = PBXBuildFile; fileRef = 606F15F61D6ED2C700CC9F4C /* FMDatabaseQueue.m */; settings = {COMPILER_FLAGS = "-fno-objc-arc"; }; };
		606F16B71D6ED2C700CC9F4C /* FMResultSet.m in Sources */ = {isa = PBXBuildFile; fileRef = 606F15F81D6ED2C700CC9F4C /* FMResultSet.m */; settings = {COMPILER_FLAGS = "-fno-objc-arc"; }; };
		606F16B81D6ED2C700CC9F4C /* 1.png in Resources */ = {isa = PBXBuildFile; fileRef = 606F15FA1D6ED2C700CC9F4C /* 1.png */; };
		606F16B91D6ED2C700CC9F4C /* 10.png in Resources */ = {isa = PBXBuildFile; fileRef = 606F15FB1D6ED2C700CC9F4C /* 10.png */; };
		606F16BA1D6ED2C700CC9F4C /* 11.png in Resources */ = {isa = PBXBuildFile; fileRef = 606F15FC1D6ED2C700CC9F4C /* 11.png */; };
		606F16BB1D6ED2C700CC9F4C /* 111q.png in Resources */ = {isa = PBXBuildFile; fileRef = 606F15FD1D6ED2C700CC9F4C /* 111q.png */; };
		606F16BC1D6ED2C700CC9F4C /* 12.png in Resources */ = {isa = PBXBuildFile; fileRef = 606F15FE1D6ED2C700CC9F4C /* 12.png */; };
		606F16BD1D6ED2C700CC9F4C /* 13.png in Resources */ = {isa = PBXBuildFile; fileRef = 606F15FF1D6ED2C700CC9F4C /* 13.png */; };
		606F16BE1D6ED2C700CC9F4C /* 14.png in Resources */ = {isa = PBXBuildFile; fileRef = 606F16001D6ED2C700CC9F4C /* 14.png */; };
		606F16BF1D6ED2C700CC9F4C /* 15.png in Resources */ = {isa = PBXBuildFile; fileRef = 606F16011D6ED2C700CC9F4C /* 15.png */; };
		606F16C01D6ED2C700CC9F4C /* 16-2.png in Resources */ = {isa = PBXBuildFile; fileRef = 606F16021D6ED2C700CC9F4C /* 16-2.png */; };
		606F16C11D6ED2C700CC9F4C /* 16.png in Resources */ = {isa = PBXBuildFile; fileRef = 606F16031D6ED2C700CC9F4C /* 16.png */; };
		606F16C21D6ED2C700CC9F4C /* 17-2.png in Resources */ = {isa = PBXBuildFile; fileRef = 606F16041D6ED2C700CC9F4C /* 17-2.png */; };
		606F16C31D6ED2C700CC9F4C /* 17.png in Resources */ = {isa = PBXBuildFile; fileRef = 606F16051D6ED2C700CC9F4C /* 17.png */; };
		606F16C41D6ED2C700CC9F4C /* 18-2.png in Resources */ = {isa = PBXBuildFile; fileRef = 606F16061D6ED2C700CC9F4C /* 18-2.png */; };
		606F16C51D6ED2C700CC9F4C /* 18.png in Resources */ = {isa = PBXBuildFile; fileRef = 606F16071D6ED2C700CC9F4C /* 18.png */; };
		606F16C61D6ED2C700CC9F4C /* 19.png in Resources */ = {isa = PBXBuildFile; fileRef = 606F16081D6ED2C700CC9F4C /* 19.png */; };
		606F16C71D6ED2C700CC9F4C /* 2.png in Resources */ = {isa = PBXBuildFile; fileRef = 606F16091D6ED2C700CC9F4C /* 2.png */; };
		606F16C81D6ED2C700CC9F4C /* 20.png in Resources */ = {isa = PBXBuildFile; fileRef = 606F160A1D6ED2C700CC9F4C /* 20.png */; };
		606F16C91D6ED2C700CC9F4C /* 21.png in Resources */ = {isa = PBXBuildFile; fileRef = 606F160B1D6ED2C700CC9F4C /* 21.png */; };
		606F16CA1D6ED2C700CC9F4C /* 211q.png in Resources */ = {isa = PBXBuildFile; fileRef = 606F160C1D6ED2C700CC9F4C /* 211q.png */; };
		606F16CB1D6ED2C700CC9F4C /* 3.png in Resources */ = {isa = PBXBuildFile; fileRef = 606F160D1D6ED2C700CC9F4C /* 3.png */; };
		606F16CC1D6ED2C700CC9F4C /* 4.png in Resources */ = {isa = PBXBuildFile; fileRef = 606F160E1D6ED2C700CC9F4C /* 4.png */; };
		606F16CD1D6ED2C700CC9F4C /* 5.png in Resources */ = {isa = PBXBuildFile; fileRef = 606F160F1D6ED2C700CC9F4C /* 5.png */; };
		606F16CE1D6ED2C700CC9F4C /* 6.png in Resources */ = {isa = PBXBuildFile; fileRef = 606F16101D6ED2C700CC9F4C /* 6.png */; };
		606F16CF1D6ED2C700CC9F4C /* 7.png in Resources */ = {isa = PBXBuildFile; fileRef = 606F16111D6ED2C700CC9F4C /* 7.png */; };
		606F16D01D6ED2C700CC9F4C /* 8.png in Resources */ = {isa = PBXBuildFile; fileRef = 606F16121D6ED2C700CC9F4C /* 8.png */; };
		606F16D11D6ED2C700CC9F4C /* 9.png in Resources */ = {isa = PBXBuildFile; fileRef = 606F16131D6ED2C700CC9F4C /* 9.png */; };
		606F16D21D6ED2C700CC9F4C /* backGround.png in Resources */ = {isa = PBXBuildFile; fileRef = 606F16141D6ED2C700CC9F4C /* backGround.png */; };
		606F16D41D6ED3B800CC9F4C /* libsqlite3.0.tbd in Frameworks */ = {isa = PBXBuildFile; fileRef = 606F16D31D6ED3B800CC9F4C /* libsqlite3.0.tbd */; };
/* End PBXBuildFile section */

/* Begin PBXContainerItemProxy section */
		606F15331D6ED0BE00CC9F4C /* PBXContainerItemProxy */ = {
			isa = PBXContainerItemProxy;
			containerPortal = 606F15111D6ED0BE00CC9F4C /* Project object */;
			proxyType = 1;
			remoteGlobalIDString = 606F15181D6ED0BE00CC9F4C;
			remoteInfo = "驾考助手";
		};
		606F153E1D6ED0BE00CC9F4C /* PBXContainerItemProxy */ = {
			isa = PBXContainerItemProxy;
			containerPortal = 606F15111D6ED0BE00CC9F4C /* Project object */;
			proxyType = 1;
			remoteGlobalIDString = 606F15181D6ED0BE00CC9F4C;
			remoteInfo = "驾考助手";
		};
/* End PBXContainerItemProxy section */

/* Begin PBXFileReference section */
		606F15191D6ED0BE00CC9F4C /* 驾考助手.app */ = {isa = PBXFileReference; explicitFileType = wrapper.application; includeInIndex = 0; path = "驾考助手.app"; sourceTree = BUILT_PRODUCTS_DIR; };
		606F151D1D6ED0BE00CC9F4C /* main.m */ = {isa = PBXFileReference; lastKnownFileType = sourcecode.c.objc; path = main.m; sourceTree = "<group>"; };
		606F151F1D6ED0BE00CC9F4C /* AppDelegate.h */ = {isa = PBXFileReference; lastKnownFileType = sourcecode.c.h; path = AppDelegate.h; sourceTree = "<group>"; };
		606F15201D6ED0BE00CC9F4C /* AppDelegate.m */ = {isa = PBXFileReference; lastKnownFileType = sourcecode.c.objc; path = AppDelegate.m; sourceTree = "<group>"; };
		606F15221D6ED0BE00CC9F4C /* ViewController.h */ = {isa = PBXFileReference; lastKnownFileType = sourcecode.c.h; path = ViewController.h; sourceTree = "<group>"; };
		606F15231D6ED0BE00CC9F4C /* ViewController.m */ = {isa = PBXFileReference; lastKnownFileType = sourcecode.c.objc; path = ViewController.m; sourceTree = "<group>"; };
		606F15261D6ED0BE00CC9F4C /* Base */ = {isa = PBXFileReference; lastKnownFileType = file.storyboard; name = Base; path = Base.lproj/Main.storyboard; sourceTree = "<group>"; };
		606F15281D6ED0BE00CC9F4C /* Assets.xcassets */ = {isa = PBXFileReference; lastKnownFileType = folder.assetcatalog; path = Assets.xcassets; sourceTree = "<group>"; };
		606F152B1D6ED0BE00CC9F4C /* Base */ = {isa = PBXFileReference; lastKnownFileType = file.storyboard; name = Base; path = Base.lproj/LaunchScreen.storyboard; sourceTree = "<group>"; };
		606F152D1D6ED0BE00CC9F4C /* Info.plist */ = {isa = PBXFileReference; lastKnownFileType = text.plist.xml; path = Info.plist; sourceTree = "<group>"; };
		606F15321D6ED0BE00CC9F4C /* 驾考助手Tests.xctest */ = {isa = PBXFileReference; explicitFileType = wrapper.cfbundle; includeInIndex = 0; path = "驾考助手Tests.xctest"; sourceTree = BUILT_PRODUCTS_DIR; };
		606F15361D6ED0BE00CC9F4C /* ____Tests.m */ = {isa = PBXFileReference; lastKnownFileType = sourcecode.c.objc; path = "____Tests.m"; sourceTree = "<group>"; };
		606F15381D6ED0BE00CC9F4C /* Info.plist */ = {isa = PBXFileReference; lastKnownFileType = text.plist.xml; path = Info.plist; sourceTree = "<group>"; };
		606F153D1D6ED0BE00CC9F4C /* 驾考助手UITests.xctest */ = {isa = PBXFileReference; explicitFileType = wrapper.cfbundle; includeInIndex = 0; path = "驾考助手UITests.xctest"; sourceTree = BUILT_PRODUCTS_DIR; };
		606F15411D6ED0BE00CC9F4C /* ____UITests.m */ = {isa = PBXFileReference; lastKnownFileType = sourcecode.c.objc; path = "____UITests.m"; sourceTree = "<group>"; };
		606F15431D6ED0BE00CC9F4C /* Info.plist */ = {isa = PBXFileReference; lastKnownFileType = text.plist.xml; path = Info.plist; sourceTree = "<group>"; };
		606F15501D6ED2C600CC9F4C /* 203.png */ = {isa = PBXFileReference; lastKnownFileType = image.png; path = 203.png; sourceTree = "<group>"; };
		606F15511D6ED2C600CC9F4C /* 204.png */ = {isa = PBXFileReference; lastKnownFileType = image.png; path = 204.png; sourceTree = "<group>"; };
		606F15521D6ED2C600CC9F4C /* 205.png */ = {isa = PBXFileReference; lastKnownFileType = image.png; path = 205.png; sourceTree = "<group>"; };
		606F15531D6ED2C600CC9F4C /* 206.png */ = {isa = PBXFileReference; lastKnownFileType = image.png; path = 206.png; sourceTree = "<group>"; };
		606F15541D6ED2C600CC9F4C /* 207.png */ = {isa = PBXFileReference; lastKnownFileType = image.png; path = 207.png; sourceTree = "<group>"; };
		606F15551D6ED2C600CC9F4C /* 208.png */ = {isa = PBXFileReference; lastKnownFileType = image.png; path = 208.png; sourceTree = "<group>"; };
		606F15561D6ED2C600CC9F4C /* 209.png */ = {isa = PBXFileReference; lastKnownFileType = image.png; path = 209.png; sourceTree = "<group>"; };
		606F15571D6ED2C600CC9F4C /* 210.png */ = {isa = PBXFileReference; lastKnownFileType = image.png; path = 210.png; sourceTree = "<group>"; };
		606F15581D6ED2C600CC9F4C /* 211.png */ = {isa = PBXFileReference; lastKnownFileType = image.png; path = 211.png; sourceTree = "<group>"; };
		606F15591D6ED2C600CC9F4C /* 212.png */ = {isa = PBXFileReference; lastKnownFileType = image.png; path = 212.png; sourceTree = "<group>"; };
		606F155A1D6ED2C600CC9F4C /* 213.png */ = {isa = PBXFileReference; lastKnownFileType = image.png; path = 213.png; sourceTree = "<group>"; };
		606F155B1D6ED2C600CC9F4C /* 214.png */ = {isa = PBXFileReference; lastKnownFileType = image.png; path = 214.png; sourceTree = "<group>"; };
		606F155C1D6ED2C600CC9F4C /* 215.png */ = {isa = PBXFileReference; lastKnownFileType = image.png; path = 215.png; sourceTree = "<group>"; };
		606F155D1D6ED2C600CC9F4C /* 216.png */ = {isa = PBXFileReference; lastKnownFileType = image.png; path = 216.png; sourceTree = "<group>"; };
		606F155E1D6ED2C600CC9F4C /* 217.png */ = {isa = PBXFileReference; lastKnownFileType = image.png; path = 217.png; sourceTree = "<group>"; };
		606F155F1D6ED2C600CC9F4C /* 218.png */ = {isa = PBXFileReference; lastKnownFileType = image.png; path = 218.png; sourceTree = "<group>"; };
		606F15601D6ED2C600CC9F4C /* 219.png */ = {isa = PBXFileReference; lastKnownFileType = image.png; path = 219.png; sourceTree = "<group>"; };
		606F15611D6ED2C600CC9F4C /* 220.png */ = {isa = PBXFileReference; lastKnownFileType = image.png; path = 220.png; sourceTree = "<group>"; };
		606F15621D6ED2C600CC9F4C /* 221.png */ = {isa = PBXFileReference; lastKnownFileType = image.png; path = 221.png; sourceTree = "<group>"; };
		606F15631D6ED2C600CC9F4C /* 222.png */ = {isa = PBXFileReference; lastKnownFileType = image.png; path = 222.png; sourceTree = "<group>"; };
		606F15641D6ED2C600CC9F4C /* 223.png */ = {isa = PBXFileReference; lastKnownFileType = image.png; path = 223.png; sourceTree = "<group>"; };
		606F15651D6ED2C600CC9F4C /* 224.png */ = {isa = PBXFileReference; lastKnownFileType = image.png; path = 224.png; sourceTree = "<group>"; };
		606F15661D6ED2C600CC9F4C /* 225.png */ = {isa = PBXFileReference; lastKnownFileType = image.png; path = 225.png; sourceTree = "<group>"; };
		606F15671D6ED2C600CC9F4C /* 226.png */ = {isa = PBXFileReference; lastKnownFileType = image.png; path = 226.png; sourceTree = "<group>"; };
		606F15681D6ED2C600CC9F4C /* 227.png */ = {isa = PBXFileReference; lastKnownFileType = image.png; path = 227.png; sourceTree = "<group>"; };
		606F15691D6ED2C600CC9F4C /* 228.png */ = {isa = PBXFileReference; lastKnownFileType = image.png; path = 228.png; sourceTree = "<group>"; };
		606F156A1D6ED2C600CC9F4C /* 229.png */ = {isa = PBXFileReference; lastKnownFileType = image.png; path = 229.png; sourceTree = "<group>"; };
		606F156B1D6ED2C600CC9F4C /* 230.png */ = {isa = PBXFileReference; lastKnownFileType = image.png; path = 230.png; sourceTree = "<group>"; };
		606F156C1D6ED2C600CC9F4C /* 231.png */ = {isa = PBXFileReference; lastKnownFileType = image.png; path = 231.png; sourceTree = "<group>"; };
		606F156D1D6ED2C600CC9F4C /* 232.png */ = {isa = PBXFileReference; lastKnownFileType = image.png; path = 232.png; sourceTree = "<group>"; };
		606F156E1D6ED2C600CC9F4C /* 233.png */ = {isa = PBXFileReference; lastKnownFileType = image.png; path = 233.png; sourceTree = "<group>"; };
		606F156F1D6ED2C600CC9F4C /* 234.png */ = {isa = PBXFileReference; lastKnownFileType = image.png; path = 234.png; sourceTree = "<group>"; };
		606F15701D6ED2C600CC9F4C /* 235.png */ = {isa = PBXFileReference; lastKnownFileType = image.png; path = 235.png; sourceTree = "<group>"; };
		606F15711D6ED2C600CC9F4C /* 236.png */ = {isa = PBXFileReference; lastKnownFileType = image.png; path = 236.png; sourceTree = "<group>"; };
		606F15721D6ED2C600CC9F4C /* 237.png */ = {isa = PBXFileReference; lastKnownFileType = image.png; path = 237.png; sourceTree = "<group>"; };
		606F15731D6ED2C600CC9F4C /* 238.png */ = {isa = PBXFileReference; lastKnownFileType = image.png; path = 238.png; sourceTree = "<group>"; };
		606F15741D6ED2C600CC9F4C /* 239.png */ = {isa = PBXFileReference; lastKnownFileType = image.png; path = 239.png; sourceTree = "<group>"; };
		606F15751D6ED2C600CC9F4C /* 240.png */ = {isa = PBXFileReference; lastKnownFileType = image.png; path = 240.png; sourceTree = "<group>"; };
		606F15761D6ED2C600CC9F4C /* 241.png */ = {isa = PBXFileReference; lastKnownFileType = image.png; path = 241.png; sourceTree = "<group>"; };
		606F15771D6ED2C600CC9F4C /* 242.png */ = {isa = PBXFileReference; lastKnownFileType = image.png; path = 242.png; sourceTree = "<group>"; };
		606F15781D6ED2C600CC9F4C /* 243.png */ = {isa = PBXFileReference; lastKnownFileType = image.png; path = 243.png; sourceTree = "<group>"; };
		606F15791D6ED2C600CC9F4C /* 244.png */ = {isa = PBXFileReference; lastKnownFileType = image.png; path = 244.png; sourceTree = "<group>"; };
		606F157A1D6ED2C600CC9F4C /* 245.png */ = {isa = PBXFileReference; lastKnownFileType = image.png; path = 245.png; sourceTree = "<group>"; };
		606F157B1D6ED2C600CC9F4C /* 246.png */ = {isa = PBXFileReference; lastKnownFileType = image.png; path = 246.png; sourceTree = "<group>"; };
		606F157C1D6ED2C600CC9F4C /* 247.png */ = {isa = PBXFileReference; lastKnownFileType = image.png; path = 247.png; sourceTree = "<group>"; };
		606F157D1D6ED2C600CC9F4C /* 248.png */ = {isa = PBXFileReference; lastKnownFileType = image.png; path = 248.png; sourceTree = "<group>"; };
		606F157E1D6ED2C600CC9F4C /* 249.png */ = {isa = PBXFileReference; lastKnownFileType = image.png; path = 249.png; sourceTree = "<group>"; };
		606F157F1D6ED2C600CC9F4C /* 250.png */ = {isa = PBXFileReference; lastKnownFileType = image.png; path = 250.png; sourceTree = "<group>"; };
		606F15801D6ED2C600CC9F4C /* 251.png */ = {isa = PBXFileReference; lastKnownFileType = image.png; path = 251.png; sourceTree = "<group>"; };
		606F15811D6ED2C600CC9F4C /* 252.png */ = {isa = PBXFileReference; lastKnownFileType = image.png; path = 252.png; sourceTree = "<group>"; };
		606F15821D6ED2C600CC9F4C /* 253.png */ = {isa = PBXFileReference; lastKnownFileType = image.png; path = 253.png; sourceTree = "<group>"; };
		606F15831D6ED2C600CC9F4C /* 254.png */ = {isa = PBXFileReference; lastKnownFileType = image.png; path = 254.png; sourceTree = "<group>"; };
		606F15841D6ED2C600CC9F4C /* 255.png */ = {isa = PBXFileReference; lastKnownFileType = image.png; path = 255.png; sourceTree = "<group>"; };
		606F15851D6ED2C600CC9F4C /* 256.png */ = {isa = PBXFileReference; lastKnownFileType = image.png; path = 256.png; sourceTree = "<group>"; };
		606F15861D6ED2C600CC9F4C /* 257.png */ = {isa = PBXFileReference; lastKnownFileType = image.png; path = 257.png; sourceTree = "<group>"; };
		606F15871D6ED2C600CC9F4C /* 258.png */ = {isa = PBXFileReference; lastKnownFileType = image.png; path = 258.png; sourceTree = "<group>"; };
		606F15881D6ED2C600CC9F4C /* 259.png */ = {isa = PBXFileReference; lastKnownFileType = image.png; path = 259.png; sourceTree = "<group>"; };
		606F15891D6ED2C600CC9F4C /* 260.png */ = {isa = PBXFileReference; lastKnownFileType = image.png; path = 260.png; sourceTree = "<group>"; };
		606F158A1D6ED2C600CC9F4C /* 261.png */ = {isa = PBXFileReference; lastKnownFileType = image.png; path = 261.png; sourceTree = "<group>"; };
		606F158B1D6ED2C600CC9F4C /* 262.png */ = {isa = PBXFileReference; lastKnownFileType = image.png; path = 262.png; sourceTree = "<group>"; };
		606F158C1D6ED2C600CC9F4C /* 263.png */ = {isa = PBXFileReference; lastKnownFileType = image.png; path = 263.png; sourceTree = "<group>"; };
		606F158D1D6ED2C600CC9F4C /* 264.png */ = {isa = PBXFileReference; lastKnownFileType = image.png; path = 264.png; sourceTree = "<group>"; };
		606F158E1D6ED2C600CC9F4C /* 265.png */ = {isa = PBXFileReference; lastKnownFileType = image.png; path = 265.png; sourceTree = "<group>"; };
		606F158F1D6ED2C600CC9F4C /* 266.png */ = {isa = PBXFileReference; lastKnownFileType = image.png; path = 266.png; sourceTree = "<group>"; };
		606F15901D6ED2C600CC9F4C /* 267.png */ = {isa = PBXFileReference; lastKnownFileType = image.png; path = 267.png; sourceTree = "<group>"; };
		606F15911D6ED2C600CC9F4C /* 268.png */ = {isa = PBXFileReference; lastKnownFileType = image.png; path = 268.png; sourceTree = "<group>"; };
		606F15921D6ED2C600CC9F4C /* 269.png */ = {isa = PBXFileReference; lastKnownFileType = image.png; path = 269.png; sourceTree = "<group>"; };
		606F15931D6ED2C600CC9F4C /* 270.png */ = {isa = PBXFileReference; lastKnownFileType = image.png; path = 270.png; sourceTree = "<group>"; };
		606F15941D6ED2C600CC9F4C /* 271.png */ = {isa = PBXFileReference; lastKnownFileType = image.png; path = 271.png; sourceTree = "<group>"; };
		606F15951D6ED2C600CC9F4C /* 272.png */ = {isa = PBXFileReference; lastKnownFileType = image.png; path = 272.png; sourceTree = "<group>"; };
		606F15961D6ED2C600CC9F4C /* 273.png */ = {isa = PBXFileReference; lastKnownFileType = image.png; path = 273.png; sourceTree = "<group>"; };
		606F15971D6ED2C600CC9F4C /* 274.png */ = {isa = PBXFileReference; lastKnownFileType = image.png; path = 274.png; sourceTree = "<group>"; };
		606F15981D6ED2C600CC9F4C /* 275.png */ = {isa = PBXFileReference; lastKnownFileType = image.png; path = 275.png; sourceTree = "<group>"; };
		606F15991D6ED2C600CC9F4C /* 276.png */ = {isa = PBXFileReference; lastKnownFileType = image.png; path = 276.png; sourceTree = "<group>"; };
		606F159A1D6ED2C600CC9F4C /* 277.png */ = {isa = PBXFileReference; lastKnownFileType = image.png; path = 277.png; sourceTree = "<group>"; };
		606F159B1D6ED2C600CC9F4C /* 278.png */ = {isa = PBXFileReference; lastKnownFileType = image.png; path = 278.png; sourceTree = "<group>"; };
		606F159C1D6ED2C600CC9F4C /* 279.png */ = {isa = PBXFileReference; lastKnownFileType = image.png; path = 279.png; sourceTree = "<group>"; };
		606F159D1D6ED2C600CC9F4C /* 280.png */ = {isa = PBXFileReference; lastKnownFileType = image.png; path = 280.png; sourceTree = "<group>"; };
		606F159E1D6ED2C600CC9F4C /* 281.png */ = {isa = PBXFileReference; lastKnownFileType = image.png; path = 281.png; sourceTree = "<group>"; };
		606F159F1D6ED2C600CC9F4C /* 282.png */ = {isa = PBXFileReference; lastKnownFileType = image.png; path = 282.png; sourceTree = "<group>"; };
		606F15A01D6ED2C600CC9F4C /* 283.png */ = {isa = PBXFileReference; lastKnownFileType = image.png; path = 283.png; sourceTree = "<group>"; };
		606F15A11D6ED2C600CC9F4C /* 284.png */ = {isa = PBXFileReference; lastKnownFileType = image.png; path = 284.png; sourceTree = "<group>"; };
		606F15A21D6ED2C600CC9F4C /* 285.png */ = {isa = PBXFileReference; lastKnownFileType = image.png; path = 285.png; sourceTree = "<group>"; };
		606F15A31D6ED2C600CC9F4C /* 286.png */ = {isa = PBXFileReference; lastKnownFileType = image.png; path = 286.png; sourceTree = "<group>"; };
		606F15A41D6ED2C600CC9F4C /* 287.png */ = {isa = PBXFileReference; lastKnownFileType = image.png; path = 287.png; sourceTree = "<group>"; };
		606F15A51D6ED2C600CC9F4C /* 288.png */ = {isa = PBXFileReference; lastKnownFileType = image.png; path = 288.png; sourceTree = "<group>"; };
		606F15A61D6ED2C600CC9F4C /* 289.png */ = {isa = PBXFileReference; lastKnownFileType = image.png; path = 289.png; sourceTree = "<group>"; };
		606F15A71D6ED2C600CC9F4C /* 290.png */ = {isa = PBXFileReference; lastKnownFileType = image.png; path = 290.png; sourceTree = "<group>"; };
		606F15A81D6ED2C600CC9F4C /* 291.png */ = {isa = PBXFileReference; lastKnownFileType = image.png; path = 291.png; sourceTree = "<group>"; };
		606F15A91D6ED2C600CC9F4C /* 292.png */ = {isa = PBXFileReference; lastKnownFileType = image.png; path = 292.png; sourceTree = "<group>"; };
		606F15AA1D6ED2C600CC9F4C /* 293.png */ = {isa = PBXFileReference; lastKnownFileType = image.png; path = 293.png; sourceTree = "<group>"; };
		606F15AB1D6ED2C600CC9F4C /* 294.png */ = {isa = PBXFileReference; lastKnownFileType = image.png; path = 294.png; sourceTree = "<group>"; };
		606F15AC1D6ED2C600CC9F4C /* 295.png */ = {isa = PBXFileReference; lastKnownFileType = image.png; path = 295.png; sourceTree = "<group>"; };
		606F15AD1D6ED2C600CC9F4C /* 296.png */ = {isa = PBXFileReference; lastKnownFileType = image.png; path = 296.png; sourceTree = "<group>"; };
		606F15AE1D6ED2C600CC9F4C /* 297.png */ = {isa = PBXFileReference; lastKnownFileType = image.png; path = 297.png; sourceTree = "<group>"; };
		606F15AF1D6ED2C600CC9F4C /* 298.png */ = {isa = PBXFileReference; lastKnownFileType = image.png; path = 298.png; sourceTree = "<group>"; };
		606F15B01D6ED2C600CC9F4C /* 299.png */ = {isa = PBXFileReference; lastKnownFileType = image.png; path = 299.png; sourceTree = "<group>"; };
		606F15B11D6ED2C600CC9F4C /* 300.png */ = {isa = PBXFileReference; lastKnownFileType = image.png; path = 300.png; sourceTree = "<group>"; };
		606F15B21D6ED2C600CC9F4C /* 301.png */ = {isa = PBXFileReference; lastKnownFileType = image.png; path = 301.png; sourceTree = "<group>"; };
		606F15B31D6ED2C600CC9F4C /* 302.png */ = {isa = PBXFileReference; lastKnownFileType = image.png; path = 302.png; sourceTree = "<group>"; };
		606F15B41D6ED2C600CC9F4C /* 303.png */ = {isa = PBXFileReference; lastKnownFileType = image.png; path = 303.png; sourceTree = "<group>"; };
		606F15B51D6ED2C600CC9F4C /* 304.png */ = {isa = PBXFileReference; lastKnownFileType = image.png; path = 304.png; sourceTree = "<group>"; };
		606F15B61D6ED2C600CC9F4C /* 305.png */ = {isa = PBXFileReference; lastKnownFileType = image.png; path = 305.png; sourceTree = "<group>"; };
		606F15B71D6ED2C600CC9F4C /* 306.png */ = {isa = PBXFileReference; lastKnownFileType = image.png; path = 306.png; sourceTree = "<group>"; };
		606F15B81D6ED2C600CC9F4C /* 307.png */ = {isa = PBXFileReference; lastKnownFileType = image.png; path = 307.png; sourceTree = "<group>"; };
		606F15B91D6ED2C600CC9F4C /* 308.png */ = {isa = PBXFileReference; lastKnownFileType = image.png; path = 308.png; sourceTree = "<group>"; };
		606F15BA1D6ED2C600CC9F4C /* 309.png */ = {isa = PBXFileReference; lastKnownFileType = image.png; path = 309.png; sourceTree = "<group>"; };
		606F15BB1D6ED2C600CC9F4C /* 310.png */ = {isa = PBXFileReference; lastKnownFileType = image.png; path = 310.png; sourceTree = "<group>"; };
		606F15BC1D6ED2C600CC9F4C /* 311.png */ = {isa = PBXFileReference; lastKnownFileType = image.png; path = 311.png; sourceTree = "<group>"; };
		606F15BD1D6ED2C600CC9F4C /* 312.png */ = {isa = PBXFileReference; lastKnownFileType = image.png; path = 312.png; sourceTree = "<group>"; };
		606F15BE1D6ED2C600CC9F4C /* 313.png */ = {isa = PBXFileReference; lastKnownFileType = image.png; path = 313.png; sourceTree = "<group>"; };
		606F15BF1D6ED2C600CC9F4C /* 314.png */ = {isa = PBXFileReference; lastKnownFileType = image.png; path = 314.png; sourceTree = "<group>"; };
		606F15C01D6ED2C600CC9F4C /* 315.png */ = {isa = PBXFileReference; lastKnownFileType = image.png; path = 315.png; sourceTree = "<group>"; };
		606F15C11D6ED2C600CC9F4C /* 316.png */ = {isa = PBXFileReference; lastKnownFileType = image.png; path = 316.png; sourceTree = "<group>"; };
		606F15C21D6ED2C600CC9F4C /* 317.png */ = {isa = PBXFileReference; lastKnownFileType = image.png; path = 317.png; sourceTree = "<group>"; };
		606F15C31D6ED2C600CC9F4C /* 318.png */ = {isa = PBXFileReference; lastKnownFileType = image.png; path = 318.png; sourceTree = "<group>"; };
		606F15C41D6ED2C600CC9F4C /* 319.png */ = {isa = PBXFileReference; lastKnownFileType = image.png; path = 319.png; sourceTree = "<group>"; };
		606F15C51D6ED2C700CC9F4C /* 320.png */ = {isa = PBXFileReference; lastKnownFileType = image.png; path = 320.png; sourceTree = "<group>"; };
		606F15C61D6ED2C700CC9F4C /* 321.png */ = {isa = PBXFileReference; lastKnownFileType = image.png; path = 321.png; sourceTree = "<group>"; };
		606F15C71D6ED2C700CC9F4C /* 322.png */ = {isa = PBXFileReference; lastKnownFileType = image.png; path = 322.png; sourceTree = "<group>"; };
		606F15C81D6ED2C700CC9F4C /* 323.png */ = {isa = PBXFileReference; lastKnownFileType = image.png; path = 323.png; sourceTree = "<group>"; };
		606F15C91D6ED2C700CC9F4C /* 324.png */ = {isa = PBXFileReference; lastKnownFileType = image.png; path = 324.png; sourceTree = "<group>"; };
		606F15CA1D6ED2C700CC9F4C /* 325.png */ = {isa = PBXFileReference; lastKnownFileType = image.png; path = 325.png; sourceTree = "<group>"; };
		606F15CB1D6ED2C700CC9F4C /* 326.png */ = {isa = PBXFileReference; lastKnownFileType = image.png; path = 326.png; sourceTree = "<group>"; };
		606F15CC1D6ED2C700CC9F4C /* 327.png */ = {isa = PBXFileReference; lastKnownFileType = image.png; path = 327.png; sourceTree = "<group>"; };
		606F15CD1D6ED2C700CC9F4C /* 328.png */ = {isa = PBXFileReference; lastKnownFileType = image.png; path = 328.png; sourceTree = "<group>"; };
		606F15CE1D6ED2C700CC9F4C /* 329.png */ = {isa = PBXFileReference; lastKnownFileType = image.png; path = 329.png; sourceTree = "<group>"; };
		606F15CF1D6ED2C700CC9F4C /* 330.png */ = {isa = PBXFileReference; lastKnownFileType = image.png; path = 330.png; sourceTree = "<group>"; };
		606F15D01D6ED2C700CC9F4C /* 331.png */ = {isa = PBXFileReference; lastKnownFileType = image.png; path = 331.png; sourceTree = "<group>"; };
		606F15D11D6ED2C700CC9F4C /* 332.png */ = {isa = PBXFileReference; lastKnownFileType = image.png; path = 332.png; sourceTree = "<group>"; };
		606F15D21D6ED2C700CC9F4C /* 333.png */ = {isa = PBXFileReference; lastKnownFileType = image.png; path = 333.png; sourceTree = "<group>"; };
		606F15D31D6ED2C700CC9F4C /* 334.png */ = {isa = PBXFileReference; lastKnownFileType = image.png; path = 334.png; sourceTree = "<group>"; };
		606F15D41D6ED2C700CC9F4C /* 335.png */ = {isa = PBXFileReference; lastKnownFileType = image.png; path = 335.png; sourceTree = "<group>"; };
		606F15D51D6ED2C700CC9F4C /* 336.png */ = {isa = PBXFileReference; lastKnownFileType = image.png; path = 336.png; sourceTree = "<group>"; };
		606F15D61D6ED2C700CC9F4C /* 337.png */ = {isa = PBXFileReference; lastKnownFileType = image.png; path = 337.png; sourceTree = "<group>"; };
		606F15D71D6ED2C700CC9F4C /* 338.png */ = {isa = PBXFileReference; lastKnownFileType = image.png; path = 338.png; sourceTree = "<group>"; };
		606F15D81D6ED2C700CC9F4C /* 339.png */ = {isa = PBXFileReference; lastKnownFileType = image.png; path = 339.png; sourceTree = "<group>"; };
		606F15D91D6ED2C700CC9F4C /* 340.png */ = {isa = PBXFileReference; lastKnownFileType = image.png; path = 340.png; sourceTree = "<group>"; };
		606F15DA1D6ED2C700CC9F4C /* 341.png */ = {isa = PBXFileReference; lastKnownFileType = image.png; path = 341.png; sourceTree = "<group>"; };
		606F15DB1D6ED2C700CC9F4C /* 342.png */ = {isa = PBXFileReference; lastKnownFileType = image.png; path = 342.png; sourceTree = "<group>"; };
		606F15DC1D6ED2C700CC9F4C /* 343.png */ = {isa = PBXFileReference; lastKnownFileType = image.png; path = 343.png; sourceTree = "<group>"; };
		606F15DD1D6ED2C700CC9F4C /* 668.png */ = {isa = PBXFileReference; lastKnownFileType = image.png; path = 668.png; sourceTree = "<group>"; };
		606F15DE1D6ED2C700CC9F4C /* 669.png */ = {isa = PBXFileReference; lastKnownFileType = image.png; path = 669.png; sourceTree = "<group>"; };
		606F15DF1D6ED2C700CC9F4C /* 670.png */ = {isa = PBXFileReference; lastKnownFileType = image.png; path = 670.png; sourceTree = "<group>"; };
		606F15E01D6ED2C700CC9F4C /* 671.png */ = {isa = PBXFileReference; lastKnownFileType = image.png; path = 671.png; sourceTree = "<group>"; };
		606F15E11D6ED2C700CC9F4C /* 672.png */ = {isa = PBXFileReference; lastKnownFileType = image.png; path = 672.png; sourceTree = "<group>"; };
		606F15E21D6ED2C700CC9F4C /* 673.png */ = {isa = PBXFileReference; lastKnownFileType = image.png; path = 673.png; sourceTree = "<group>"; };
		606F15E31D6ED2C700CC9F4C /* 677.png */ = {isa = PBXFileReference; lastKnownFileType = image.png; path = 677.png; sourceTree = "<group>"; };
		606F15E41D6ED2C700CC9F4C /* 678.png */ = {isa = PBXFileReference; lastKnownFileType = image.png; path = 678.png; sourceTree = "<group>"; };
		606F15E51D6ED2C700CC9F4C /* 679.png */ = {isa = PBXFileReference; lastKnownFileType = image.png; path = 679.png; sourceTree = "<group>"; };
		606F15E61D6ED2C700CC9F4C /* 680.png */ = {isa = PBXFileReference; lastKnownFileType = image.png; path = 680.png; sourceTree = "<group>"; };
		606F15E71D6ED2C700CC9F4C /* 681.png */ = {isa = PBXFileReference; lastKnownFileType = image.png; path = 681.png; sourceTree = "<group>"; };
		606F15E81D6ED2C700CC9F4C /* 682.png */ = {isa = PBXFileReference; lastKnownFileType = image.png; path = 682.png; sourceTree = "<group>"; };
		606F15E91D6ED2C700CC9F4C /* 683.png */ = {isa = PBXFileReference; lastKnownFileType = image.png; path = 683.png; sourceTree = "<group>"; };
		606F15EA1D6ED2C700CC9F4C /* 684.png */ = {isa = PBXFileReference; lastKnownFileType = image.png; path = 684.png; sourceTree = "<group>"; };
		606F15EB1D6ED2C700CC9F4C /* 685.png */ = {isa = PBXFileReference; lastKnownFileType = image.png; path = 685.png; sourceTree = "<group>"; };
		606F15EC1D6ED2C700CC9F4C /* 687.png */ = {isa = PBXFileReference; lastKnownFileType = image.png; path = 687.png; sourceTree = "<group>"; };
		606F15ED1D6ED2C700CC9F4C /* data.sqlite */ = {isa = PBXFileReference; lastKnownFileType = file; path = data.sqlite; sourceTree = "<group>"; };
		606F15EF1D6ED2C700CC9F4C /* FMDatabase.h */ = {isa = PBXFileReference; fileEncoding = 4; lastKnownFileType = sourcecode.c.h; path = FMDatabase.h; sourceTree = "<group>"; };
		606F15F01D6ED2C700CC9F4C /* FMDatabase.m */ = {isa = PBXFileReference; fileEncoding = 4; lastKnownFileType = sourcecode.c.objc; path = FMDatabase.m; sourceTree = "<group>"; };
		606F15F11D6ED2C700CC9F4C /* FMDatabaseAdditions.h */ = {isa = PBXFileReference; fileEncoding = 4; lastKnownFileType = sourcecode.c.h; path = FMDatabaseAdditions.h; sourceTree = "<group>"; };
		606F15F21D6ED2C700CC9F4C /* FMDatabaseAdditions.m */ = {isa = PBXFileReference; fileEncoding = 4; lastKnownFileType = sourcecode.c.objc; path = FMDatabaseAdditions.m; sourceTree = "<group>"; };
		606F15F31D6ED2C700CC9F4C /* FMDatabasePool.h */ = {isa = PBXFileReference; fileEncoding = 4; lastKnownFileType = sourcecode.c.h; path = FMDatabasePool.h; sourceTree = "<group>"; };
		606F15F41D6ED2C700CC9F4C /* FMDatabasePool.m */ = {isa = PBXFileReference; fileEncoding = 4; lastKnownFileType = sourcecode.c.objc; path = FMDatabasePool.m; sourceTree = "<group>"; };
		606F15F51D6ED2C700CC9F4C /* FMDatabaseQueue.h */ = {isa = PBXFileReference; fileEncoding = 4; lastKnownFileType = sourcecode.c.h; path = FMDatabaseQueue.h; sourceTree = "<group>"; };
		606F15F61D6ED2C700CC9F4C /* FMDatabaseQueue.m */ = {isa = PBXFileReference; fileEncoding = 4; lastKnownFileType = sourcecode.c.objc; path = FMDatabaseQueue.m; sourceTree = "<group>"; };
		606F15F71D6ED2C700CC9F4C /* FMResultSet.h */ = {isa = PBXFileReference; fileEncoding = 4; lastKnownFileType = sourcecode.c.h; path = FMResultSet.h; sourceTree = "<group>"; };
		606F15F81D6ED2C700CC9F4C /* FMResultSet.m */ = {isa = PBXFileReference; fileEncoding = 4; lastKnownFileType = sourcecode.c.objc; path = FMResultSet.m; sourceTree = "<group>"; };
		606F15FA1D6ED2C700CC9F4C /* 1.png */ = {isa = PBXFileReference; lastKnownFileType = image.png; path = 1.png; sourceTree = "<group>"; };
		606F15FB1D6ED2C700CC9F4C /* 10.png */ = {isa = PBXFileReference; lastKnownFileType = image.png; path = 10.png; sourceTree = "<group>"; };
		606F15FC1D6ED2C700CC9F4C /* 11.png */ = {isa = PBXFileReference; lastKnownFileType = image.png; path = 11.png; sourceTree = "<group>"; };
		606F15FD1D6ED2C700CC9F4C /* 111q.png */ = {isa = PBXFileReference; lastKnownFileType = image.png; path = 111q.png; sourceTree = "<group>"; };
		606F15FE1D6ED2C700CC9F4C /* 12.png */ = {isa = PBXFileReference; lastKnownFileType = image.png; path = 12.png; sourceTree = "<group>"; };
		606F15FF1D6ED2C700CC9F4C /* 13.png */ = {isa = PBXFileReference; lastKnownFileType = image.png; path = 13.png; sourceTree = "<group>"; };
		606F16001D6ED2C700CC9F4C /* 14.png */ = {isa = PBXFileReference; lastKnownFileType = image.png; path = 14.png; sourceTree = "<group>"; };
		606F16011D6ED2C700CC9F4C /* 15.png */ = {isa = PBXFileReference; lastKnownFileType = image.png; path = 15.png; sourceTree = "<group>"; };
		606F16021D6ED2C700CC9F4C /* 16-2.png */ = {isa = PBXFileReference; lastKnownFileType = image.png; path = "16-2.png"; sourceTree = "<group>"; };
		606F16031D6ED2C700CC9F4C /* 16.png */ = {isa = PBXFileReference; lastKnownFileType = image.png; path = 16.png; sourceTree = "<group>"; };
		606F16041D6ED2C700CC9F4C /* 17-2.png */ = {isa = PBXFileReference; lastKnownFileType = image.png; path = "17-2.png"; sourceTree = "<group>"; };
		606F16051D6ED2C700CC9F4C /* 17.png */ = {isa = PBXFileReference; lastKnownFileType = image.png; path = 17.png; sourceTree = "<group>"; };
		606F16061D6ED2C700CC9F4C /* 18-2.png */ = {isa = PBXFileReference; lastKnownFileType = image.png; path = "18-2.png"; sourceTree = "<group>"; };
		606F16071D6ED2C700CC9F4C /* 18.png */ = {isa = PBXFileReference; lastKnownFileType = image.png; path = 18.png; sourceTree = "<group>"; };
		606F16081D6ED2C700CC9F4C /* 19.png */ = {isa = PBXFileReference; lastKnownFileType = image.png; path = 19.png; sourceTree = "<group>"; };
		606F16091D6ED2C700CC9F4C /* 2.png */ = {isa = PBXFileReference; lastKnownFileType = image.png; path = 2.png; sourceTree = "<group>"; };
		606F160A1D6ED2C700CC9F4C /* 20.png */ = {isa = PBXFileReference; lastKnownFileType = image.png; path = 20.png; sourceTree = "<group>"; };
		606F160B1D6ED2C700CC9F4C /* 21.png */ = {isa = PBXFileReference; lastKnownFileType = image.png; path = 21.png; sourceTree = "<group>"; };
		606F160C1D6ED2C700CC9F4C /* 211q.png */ = {isa = PBXFileReference; lastKnownFileType = image.png; path = 211q.png; sourceTree = "<group>"; };
		606F160D1D6ED2C700CC9F4C /* 3.png */ = {isa = PBXFileReference; lastKnownFileType = image.png; path = 3.png; sourceTree = "<group>"; };
		606F160E1D6ED2C700CC9F4C /* 4.png */ = {isa = PBXFileReference; lastKnownFileType = image.png; path = 4.png; sourceTree = "<group>"; };
		606F160F1D6ED2C700CC9F4C /* 5.png */ = {isa = PBXFileReference; lastKnownFileType = image.png; path = 5.png; sourceTree = "<group>"; };
		606F16101D6ED2C700CC9F4C /* 6.png */ = {isa = PBXFileReference; lastKnownFileType = image.png; path = 6.png; sourceTree = "<group>"; };
		606F16111D6ED2C700CC9F4C /* 7.png */ = {isa = PBXFileReference; lastKnownFileType = image.png; path = 7.png; sourceTree = "<group>"; };
		606F16121D6ED2C700CC9F4C /* 8.png */ = {isa = PBXFileReference; lastKnownFileType = image.png; path = 8.png; sourceTree = "<group>"; };
		606F16131D6ED2C700CC9F4C /* 9.png */ = {isa = PBXFileReference; lastKnownFileType = image.png; path = 9.png; sourceTree = "<group>"; };
		606F16141D6ED2C700CC9F4C /* backGround.png */ = {isa = PBXFileReference; lastKnownFileType = image.png; path = backGround.png; sourceTree = "<group>"; };
		606F16D31D6ED3B800CC9F4C /* libsqlite3.0.tbd */ = {isa = PBXFileReference; lastKnownFileType = "sourcecode.text-based-dylib-definition"; name = libsqlite3.0.tbd; path = usr/lib/libsqlite3.0.tbd; sourceTree = SDKROOT; };
/* End PBXFileReference section */

/* Begin PBXFrameworksBuildPhase section */
		606F15161D6ED0BE00CC9F4C /* Frameworks */ = {
			isa = PBXFrameworksBuildPhase;
			buildActionMask = 2147483647;
			files = (
				606F16D41D6ED3B800CC9F4C /* libsqlite3.0.tbd in Frameworks */,
			);
			runOnlyForDeploymentPostprocessing = 0;
		};
		606F152F1D6ED0BE00CC9F4C /* Frameworks */ = {
			isa = PBXFrameworksBuildPhase;
			buildActionMask = 2147483647;
			files = (
			);
			runOnlyForDeploymentPostprocessing = 0;
		};
		606F153A1D6ED0BE00CC9F4C /* Frameworks */ = {
			isa = PBXFrameworksBuildPhase;
			buildActionMask = 2147483647;
			files = (
			);
			runOnlyForDeploymentPostprocessing = 0;
		};
/* End PBXFrameworksBuildPhase section */

/* Begin PBXGroup section */
		606F15101D6ED0BE00CC9F4C = {
			isa = PBXGroup;
			children = (
				606F16D31D6ED3B800CC9F4C /* libsqlite3.0.tbd */,
				606F151B1D6ED0BE00CC9F4C /* 驾考助手 */,
				606F154F1D6ED2C600CC9F4C /* 320_480 */,
				606F15ED1D6ED2C700CC9F4C /* data.sqlite */,
				606F15EE1D6ED2C700CC9F4C /* fmdb */,
				606F15F91D6ED2C700CC9F4C /* SourceMaterial */,
				606F15351D6ED0BE00CC9F4C /* 驾考助手Tests */,
				606F15401D6ED0BE00CC9F4C /* 驾考助手UITests */,
				606F151A1D6ED0BE00CC9F4C /* Products */,
			);
			sourceTree = "<group>";
		};
		606F151A1D6ED0BE00CC9F4C /* Products */ = {
			isa = PBXGroup;
			children = (
				606F15191D6ED0BE00CC9F4C /* 驾考助手.app */,
				606F15321D6ED0BE00CC9F4C /* 驾考助手Tests.xctest */,
				606F153D1D6ED0BE00CC9F4C /* 驾考助手UITests.xctest */,
			);
			name = Products;
			sourceTree = "<group>";
		};
		606F151B1D6ED0BE00CC9F4C /* 驾考助手 */ = {
			isa = PBXGroup;
			children = (
				606F151F1D6ED0BE00CC9F4C /* AppDelegate.h */,
				606F15201D6ED0BE00CC9F4C /* AppDelegate.m */,
				606F15221D6ED0BE00CC9F4C /* ViewController.h */,
				606F15231D6ED0BE00CC9F4C /* ViewController.m */,
				606F15251D6ED0BE00CC9F4C /* Main.storyboard */,
				606F15281D6ED0BE00CC9F4C /* Assets.xcassets */,
				606F152A1D6ED0BE00CC9F4C /* LaunchScreen.storyboard */,
				606F152D1D6ED0BE00CC9F4C /* Info.plist */,
				606F151C1D6ED0BE00CC9F4C /* Supporting Files */,
			);
			path = "驾考助手";
			sourceTree = "<group>";
		};
		606F151C1D6ED0BE00CC9F4C /* Supporting Files */ = {
			isa = PBXGroup;
			children = (
				606F151D1D6ED0BE00CC9F4C /* main.m */,
			);
			name = "Supporting Files";
			sourceTree = "<group>";
		};
		606F15351D6ED0BE00CC9F4C /* 驾考助手Tests */ = {
			isa = PBXGroup;
			children = (
				606F15361D6ED0BE00CC9F4C /* ____Tests.m */,
				606F15381D6ED0BE00CC9F4C /* Info.plist */,
			);
			path = "驾考助手Tests";
			sourceTree = "<group>";
		};
		606F15401D6ED0BE00CC9F4C /* 驾考助手UITests */ = {
			isa = PBXGroup;
			children = (
				606F15411D6ED0BE00CC9F4C /* ____UITests.m */,
				606F15431D6ED0BE00CC9F4C /* Info.plist */,
			);
			path = "驾考助手UITests";
			sourceTree = "<group>";
		};
		606F154F1D6ED2C600CC9F4C /* 320_480 */ = {
			isa = PBXGroup;
			children = (
				606F15501D6ED2C600CC9F4C /* 203.png */,
				606F15511D6ED2C600CC9F4C /* 204.png */,
				606F15521D6ED2C600CC9F4C /* 205.png */,
				606F15531D6ED2C600CC9F4C /* 206.png */,
				606F15541D6ED2C600CC9F4C /* 207.png */,
				606F15551D6ED2C600CC9F4C /* 208.png */,
				606F15561D6ED2C600CC9F4C /* 209.png */,
				606F15571D6ED2C600CC9F4C /* 210.png */,
				606F15581D6ED2C600CC9F4C /* 211.png */,
				606F15591D6ED2C600CC9F4C /* 212.png */,
				606F155A1D6ED2C600CC9F4C /* 213.png */,
				606F155B1D6ED2C600CC9F4C /* 214.png */,
				606F155C1D6ED2C600CC9F4C /* 215.png */,
				606F155D1D6ED2C600CC9F4C /* 216.png */,
				606F155E1D6ED2C600CC9F4C /* 217.png */,
				606F155F1D6ED2C600CC9F4C /* 218.png */,
				606F15601D6ED2C600CC9F4C /* 219.png */,
				606F15611D6ED2C600CC9F4C /* 220.png */,
				606F15621D6ED2C600CC9F4C /* 221.png */,
				606F15631D6ED2C600CC9F4C /* 222.png */,
				606F15641D6ED2C600CC9F4C /* 223.png */,
				606F15651D6ED2C600CC9F4C /* 224.png */,
				606F15661D6ED2C600CC9F4C /* 225.png */,
				606F15671D6ED2C600CC9F4C /* 226.png */,
				606F15681D6ED2C600CC9F4C /* 227.png */,
				606F15691D6ED2C600CC9F4C /* 228.png */,
				606F156A1D6ED2C600CC9F4C /* 229.png */,
				606F156B1D6ED2C600CC9F4C /* 230.png */,
				606F156C1D6ED2C600CC9F4C /* 231.png */,
				606F156D1D6ED2C600CC9F4C /* 232.png */,
				606F156E1D6ED2C600CC9F4C /* 233.png */,
				606F156F1D6ED2C600CC9F4C /* 234.png */,
				606F15701D6ED2C600CC9F4C /* 235.png */,
				606F15711D6ED2C600CC9F4C /* 236.png */,
				606F15721D6ED2C600CC9F4C /* 237.png */,
				606F15731D6ED2C600CC9F4C /* 238.png */,
				606F15741D6ED2C600CC9F4C /* 239.png */,
				606F15751D6ED2C600CC9F4C /* 240.png */,
				606F15761D6ED2C600CC9F4C /* 241.png */,
				606F15771D6ED2C600CC9F4C /* 242.png */,
				606F15781D6ED2C600CC9F4C /* 243.png */,
				606F15791D6ED2C600CC9F4C /* 244.png */,
				606F157A1D6ED2C600CC9F4C /* 245.png */,
				606F157B1D6ED2C600CC9F4C /* 246.png */,
				606F157C1D6ED2C600CC9F4C /* 247.png */,
				606F157D1D6ED2C600CC9F4C /* 248.png */,
				606F157E1D6ED2C600CC9F4C /* 249.png */,
				606F157F1D6ED2C600CC9F4C /* 250.png */,
				606F15801D6ED2C600CC9F4C /* 251.png */,
				606F15811D6ED2C600CC9F4C /* 252.png */,
				606F15821D6ED2C600CC9F4C /* 253.png */,
				606F15831D6ED2C600CC9F4C /* 254.png */,
				606F15841D6ED2C600CC9F4C /* 255.png */,
				606F15851D6ED2C600CC9F4C /* 256.png */,
				606F15861D6ED2C600CC9F4C /* 257.png */,
				606F15871D6ED2C600CC9F4C /* 258.png */,
				606F15881D6ED2C600CC9F4C /* 259.png */,
				606F15891D6ED2C600CC9F4C /* 260.png */,
				606F158A1D6ED2C600CC9F4C /* 261.png */,
				606F158B1D6ED2C600CC9F4C /* 262.png */,
				606F158C1D6ED2C600CC9F4C /* 263.png */,
				606F158D1D6ED2C600CC9F4C /* 264.png */,
				606F158E1D6ED2C600CC9F4C /* 265.png */,
				606F158F1D6ED2C600CC9F4C /* 266.png */,
				606F15901D6ED2C600CC9F4C /* 267.png */,
				606F15911D6ED2C600CC9F4C /* 268.png */,
				606F15921D6ED2C600CC9F4C /* 269.png */,
				606F15931D6ED2C600CC9F4C /* 270.png */,
				606F15941D6ED2C600CC9F4C /* 271.png */,
				606F15951D6ED2C600CC9F4C /* 272.png */,
				606F15961D6ED2C600CC9F4C /* 273.png */,
				606F15971D6ED2C600CC9F4C /* 274.png */,
				606F15981D6ED2C600CC9F4C /* 275.png */,
				606F15991D6ED2C600CC9F4C /* 276.png */,
				606F159A1D6ED2C600CC9F4C /* 277.png */,
				606F159B1D6ED2C600CC9F4C /* 278.png */,
				606F159C1D6ED2C600CC9F4C /* 279.png */,
				606F159D1D6ED2C600CC9F4C /* 280.png */,
				606F159E1D6ED2C600CC9F4C /* 281.png */,
				606F159F1D6ED2C600CC9F4C /* 282.png */,
				606F15A01D6ED2C600CC9F4C /* 283.png */,
				606F15A11D6ED2C600CC9F4C /* 284.png */,
				606F15A21D6ED2C600CC9F4C /* 285.png */,
				606F15A31D6ED2C600CC9F4C /* 286.png */,
				606F15A41D6ED2C600CC9F4C /* 287.png */,
				606F15A51D6ED2C600CC9F4C /* 288.png */,
				606F15A61D6ED2C600CC9F4C /* 289.png */,
				606F15A71D6ED2C600CC9F4C /* 290.png */,
				606F15A81D6ED2C600CC9F4C /* 291.png */,
				606F15A91D6ED2C600CC9F4C /* 292.png */,
				606F15AA1D6ED2C600CC9F4C /* 293.png */,
				606F15AB1D6ED2C600CC9F4C /* 294.png */,
				606F15AC1D6ED2C600CC9F4C /* 295.png */,
				606F15AD1D6ED2C600CC9F4C /* 296.png */,
				606F15AE1D6ED2C600CC9F4C /* 297.png */,
				606F15AF1D6ED2C600CC9F4C /* 298.png */,
				606F15B01D6ED2C600CC9F4C /* 299.png */,
				606F15B11D6ED2C600CC9F4C /* 300.png */,
				606F15B21D6ED2C600CC9F4C /* 301.png */,
				606F15B31D6ED2C600CC9F4C /* 302.png */,
				606F15B41D6ED2C600CC9F4C /* 303.png */,
				606F15B51D6ED2C600CC9F4C /* 304.png */,
				606F15B61D6ED2C600CC9F4C /* 305.png */,
				606F15B71D6ED2C600CC9F4C /* 306.png */,
				606F15B81D6ED2C600CC9F4C /* 307.png */,
				606F15B91D6ED2C600CC9F4C /* 308.png */,
				606F15BA1D6ED2C600CC9F4C /* 309.png */,
				606F15BB1D6ED2C600CC9F4C /* 310.png */,
				606F15BC1D6ED2C600CC9F4C /* 311.png */,
				606F15BD1D6ED2C600CC9F4C /* 312.png */,
				606F15BE1D6ED2C600CC9F4C /* 313.png */,
				606F15BF1D6ED2C600CC9F4C /* 314.png */,
				606F15C01D6ED2C600CC9F4C /* 315.png */,
				606F15C11D6ED2C600CC9F4C /* 316.png */,
				606F15C21D6ED2C600CC9F4C /* 317.png */,
				606F15C31D6ED2C600CC9F4C /* 318.png */,
				606F15C41D6ED2C600CC9F4C /* 319.png */,
				606F15C51D6ED2C700CC9F4C /* 320.png */,
				606F15C61D6ED2C700CC9F4C /* 321.png */,
				606F15C71D6ED2C700CC9F4C /* 322.png */,
				606F15C81D6ED2C700CC9F4C /* 323.png */,
				606F15C91D6ED2C700CC9F4C /* 324.png */,
				606F15CA1D6ED2C700CC9F4C /* 325.png */,
				606F15CB1D6ED2C700CC9F4C /* 326.png */,
				606F15CC1D6ED2C700CC9F4C /* 327.png */,
				606F15CD1D6ED2C700CC9F4C /* 328.png */,
				606F15CE1D6ED2C700CC9F4C /* 329.png */,
				606F15CF1D6ED2C700CC9F4C /* 330.png */,
				606F15D01D6ED2C700CC9F4C /* 331.png */,
				606F15D11D6ED2C700CC9F4C /* 332.png */,
				606F15D21D6ED2C700CC9F4C /* 333.png */,
				606F15D31D6ED2C700CC9F4C /* 334.png */,
				606F15D41D6ED2C700CC9F4C /* 335.png */,
				606F15D51D6ED2C700CC9F4C /* 336.png */,
				606F15D61D6ED2C700CC9F4C /* 337.png */,
				606F15D71D6ED2C700CC9F4C /* 338.png */,
				606F15D81D6ED2C700CC9F4C /* 339.png */,
				606F15D91D6ED2C700CC9F4C /* 340.png */,
				606F15DA1D6ED2C700CC9F4C /* 341.png */,
				606F15DB1D6ED2C700CC9F4C /* 342.png */,
				606F15DC1D6ED2C700CC9F4C /* 343.png */,
				606F15DD1D6ED2C700CC9F4C /* 668.png */,
				606F15DE1D6ED2C700CC9F4C /* 669.png */,
				606F15DF1D6ED2C700CC9F4C /* 670.png */,
				606F15E01D6ED2C700CC9F4C /* 671.png */,
				606F15E11D6ED2C700CC9F4C /* 672.png */,
				606F15E21D6ED2C700CC9F4C /* 673.png */,
				606F15E31D6ED2C700CC9F4C /* 677.png */,
				606F15E41D6ED2C700CC9F4C /* 678.png */,
				606F15E51D6ED2C700CC9F4C /* 679.png */,
				606F15E61D6ED2C700CC9F4C /* 680.png */,
				606F15E71D6ED2C700CC9F4C /* 681.png */,
				606F15E81D6ED2C700CC9F4C /* 682.png */,
				606F15E91D6ED2C700CC9F4C /* 683.png */,
				606F15EA1D6ED2C700CC9F4C /* 684.png */,
				606F15EB1D6ED2C700CC9F4C /* 685.png */,
				606F15EC1D6ED2C700CC9F4C /* 687.png */,
			);
			path = 320_480;
			sourceTree = "<group>";
		};
		606F15EE1D6ED2C700CC9F4C /* fmdb */ = {
			isa = PBXGroup;
			children = (
				606F15EF1D6ED2C700CC9F4C /* FMDatabase.h */,
				606F15F01D6ED2C700CC9F4C /* FMDatabase.m */,
				606F15F11D6ED2C700CC9F4C /* FMDatabaseAdditions.h */,
				606F15F21D6ED2C700CC9F4C /* FMDatabaseAdditions.m */,
				606F15F31D6ED2C700CC9F4C /* FMDatabasePool.h */,
				606F15F41D6ED2C700CC9F4C /* FMDatabasePool.m */,
				606F15F51D6ED2C700CC9F4C /* FMDatabaseQueue.h */,
				606F15F61D6ED2C700CC9F4C /* FMDatabaseQueue.m */,
				606F15F71D6ED2C700CC9F4C /* FMResultSet.h */,
				606F15F81D6ED2C700CC9F4C /* FMResultSet.m */,
			);
			path = fmdb;
			sourceTree = "<group>";
		};
		606F15F91D6ED2C700CC9F4C /* SourceMaterial */ = {
			isa = PBXGroup;
			children = (
				606F15FA1D6ED2C700CC9F4C /* 1.png */,
				606F15FB1D6ED2C700CC9F4C /* 10.png */,
				606F15FC1D6ED2C700CC9F4C /* 11.png */,
				606F15FD1D6ED2C700CC9F4C /* 111q.png */,
				606F15FE1D6ED2C700CC9F4C /* 12.png */,
				606F15FF1D6ED2C700CC9F4C /* 13.png */,
				606F16001D6ED2C700CC9F4C /* 14.png */,
				606F16011D6ED2C700CC9F4C /* 15.png */,
				606F16021D6ED2C700CC9F4C /* 16-2.png */,
				606F16031D6ED2C700CC9F4C /* 16.png */,
				606F16041D6ED2C700CC9F4C /* 17-2.png */,
				606F16051D6ED2C700CC9F4C /* 17.png */,
				606F16061D6ED2C700CC9F4C /* 18-2.png */,
				606F16071D6ED2C700CC9F4C /* 18.png */,
				606F16081D6ED2C700CC9F4C /* 19.png */,
				606F16091D6ED2C700CC9F4C /* 2.png */,
				606F160A1D6ED2C700CC9F4C /* 20.png */,
				606F160B1D6ED2C700CC9F4C /* 21.png */,
				606F160C1D6ED2C700CC9F4C /* 211q.png */,
				606F160D1D6ED2C700CC9F4C /* 3.png */,
				606F160E1D6ED2C700CC9F4C /* 4.png */,
				606F160F1D6ED2C700CC9F4C /* 5.png */,
				606F16101D6ED2C700CC9F4C /* 6.png */,
				606F16111D6ED2C700CC9F4C /* 7.png */,
				606F16121D6ED2C700CC9F4C /* 8.png */,
				606F16131D6ED2C700CC9F4C /* 9.png */,
				606F16141D6ED2C700CC9F4C /* backGround.png */,
			);
			path = SourceMaterial;
			sourceTree = "<group>";
		};
/* End PBXGroup section */

/* Begin PBXNativeTarget section */
		606F15181D6ED0BE00CC9F4C /* 驾考助手 */ = {
			isa = PBXNativeTarget;
			buildConfigurationList = 606F15461D6ED0BE00CC9F4C /* Build configuration list for PBXNativeTarget "驾考助手" */;
			buildPhases = (
				606F15151D6ED0BE00CC9F4C /* Sources */,
				606F15161D6ED0BE00CC9F4C /* Frameworks */,
				606F15171D6ED0BE00CC9F4C /* Resources */,
			);
			buildRules = (
			);
			dependencies = (
			);
			name = "驾考助手";
			productName = "驾考助手";
			productReference = 606F15191D6ED0BE00CC9F4C /* 驾考助手.app */;
			productType = "com.apple.product-type.application";
		};
		606F15311D6ED0BE00CC9F4C /* 驾考助手Tests */ = {
			isa = PBXNativeTarget;
			buildConfigurationList = 606F15491D6ED0BE00CC9F4C /* Build configuration list for PBXNativeTarget "驾考助手Tests" */;
			buildPhases = (
				606F152E1D6ED0BE00CC9F4C /* Sources */,
				606F152F1D6ED0BE00CC9F4C /* Frameworks */,
				606F15301D6ED0BE00CC9F4C /* Resources */,
			);
			buildRules = (
			);
			dependencies = (
				606F15341D6ED0BE00CC9F4C /* PBXTargetDependency */,
			);
			name = "驾考助手Tests";
			productName = "驾考助手Tests";
			productReference = 606F15321D6ED0BE00CC9F4C /* 驾考助手Tests.xctest */;
			productType = "com.apple.product-type.bundle.unit-test";
		};
		606F153C1D6ED0BE00CC9F4C /* 驾考助手UITests */ = {
			isa = PBXNativeTarget;
			buildConfigurationList = 606F154C1D6ED0BE00CC9F4C /* Build configuration list for PBXNativeTarget "驾考助手UITests" */;
			buildPhases = (
				606F15391D6ED0BE00CC9F4C /* Sources */,
				606F153A1D6ED0BE00CC9F4C /* Frameworks */,
				606F153B1D6ED0BE00CC9F4C /* Resources */,
			);
			buildRules = (
			);
			dependencies = (
				606F153F1D6ED0BE00CC9F4C /* PBXTargetDependency */,
			);
			name = "驾考助手UITests";
			productName = "驾考助手UITests";
			productReference = 606F153D1D6ED0BE00CC9F4C /* 驾考助手UITests.xctest */;
			productType = "com.apple.product-type.bundle.ui-testing";
		};
/* End PBXNativeTarget section */

/* Begin PBXProject section */
		606F15111D6ED0BE00CC9F4C /* Project object */ = {
			isa = PBXProject;
			attributes = {
				LastUpgradeCheck = 0730;
				ORGANIZATIONNAME = Amoyb1oo;
				TargetAttributes = {
					606F15181D6ED0BE00CC9F4C = {
						CreatedOnToolsVersion = 7.3.1;
					};
					606F15311D6ED0BE00CC9F4C = {
						CreatedOnToolsVersion = 7.3.1;
						TestTargetID = 606F15181D6ED0BE00CC9F4C;
					};
					606F153C1D6ED0BE00CC9F4C = {
						CreatedOnToolsVersion = 7.3.1;
						TestTargetID = 606F15181D6ED0BE00CC9F4C;
					};
				};
			};
			buildConfigurationList = 606F15141D6ED0BE00CC9F4C /* Build configuration list for PBXProject "驾考助手" */;
			compatibilityVersion = "Xcode 3.2";
			developmentRegion = English;
			hasScannedForEncodings = 0;
			knownRegions = (
				en,
				Base,
			);
			mainGroup = 606F15101D6ED0BE00CC9F4C;
			productRefGroup = 606F151A1D6ED0BE00CC9F4C /* Products */;
			projectDirPath = "";
			projectRoot = "";
			targets = (
				606F15181D6ED0BE00CC9F4C /* 驾考助手 */,
				606F15311D6ED0BE00CC9F4C /* 驾考助手Tests */,
				606F153C1D6ED0BE00CC9F4C /* 驾考助手UITests */,
			);
		};
/* End PBXProject section */

/* Begin PBXResourcesBuildPhase section */
		606F15171D6ED0BE00CC9F4C /* Resources */ = {
			isa = PBXResourcesBuildPhase;
			buildActionMask = 2147483647;
			files = (
				606F16D01D6ED2C700CC9F4C /* 8.png in Resources */,
				606F16921D6ED2C700CC9F4C /* 328.png in Resources */,
				606F163C1D6ED2C700CC9F4C /* 242.png in Resources */,
				606F16351D6ED2C700CC9F4C /* 235.png in Resources */,
				606F16C41D6ED2C700CC9F4C /* 18-2.png in Resources */,
				606F16961D6ED2C700CC9F4C /* 332.png in Resources */,
				606F16261D6ED2C700CC9F4C /* 220.png in Resources */,
				606F16831D6ED2C700CC9F4C /* 313.png in Resources */,
				606F164A1D6ED2C700CC9F4C /* 256.png in Resources */,
				606F161A1D6ED2C700CC9F4C /* 208.png in Resources */,
				606F168D1D6ED2C700CC9F4C /* 323.png in Resources */,
				606F163B1D6ED2C700CC9F4C /* 241.png in Resources */,
				606F16951D6ED2C700CC9F4C /* 331.png in Resources */,
				606F16BD1D6ED2C700CC9F4C /* 13.png in Resources */,
				606F16A31D6ED2C700CC9F4C /* 669.png in Resources */,
				606F16BC1D6ED2C700CC9F4C /* 12.png in Resources */,
				606F16461D6ED2C700CC9F4C /* 252.png in Resources */,
				606F16931D6ED2C700CC9F4C /* 329.png in Resources */,
				606F16221D6ED2C700CC9F4C /* 216.png in Resources */,
				606F152C1D6ED0BE00CC9F4C /* LaunchScreen.storyboard in Resources */,
				606F167A1D6ED2C700CC9F4C /* 304.png in Resources */,
				606F16531D6ED2C700CC9F4C /* 265.png in Resources */,
				606F16241D6ED2C700CC9F4C /* 218.png in Resources */,
				606F16CF1D6ED2C700CC9F4C /* 7.png in Resources */,
				606F16981D6ED2C700CC9F4C /* 334.png in Resources */,
				606F16211D6ED2C700CC9F4C /* 215.png in Resources */,
				606F165B1D6ED2C700CC9F4C /* 273.png in Resources */,
				606F16591D6ED2C700CC9F4C /* 271.png in Resources */,
				606F16541D6ED2C700CC9F4C /* 266.png in Resources */,
				606F161F1D6ED2C700CC9F4C /* 213.png in Resources */,
				606F16451D6ED2C700CC9F4C /* 251.png in Resources */,
				606F16661D6ED2C700CC9F4C /* 284.png in Resources */,
				606F16BA1D6ED2C700CC9F4C /* 11.png in Resources */,
				606F16251D6ED2C700CC9F4C /* 219.png in Resources */,
				606F16911D6ED2C700CC9F4C /* 327.png in Resources */,
				606F163D1D6ED2C700CC9F4C /* 243.png in Resources */,
				606F16AD1D6ED2C700CC9F4C /* 682.png in Resources */,
				606F16331D6ED2C700CC9F4C /* 233.png in Resources */,
				606F16401D6ED2C700CC9F4C /* 246.png in Resources */,
				606F16301D6ED2C700CC9F4C /* 230.png in Resources */,
				606F164D1D6ED2C700CC9F4C /* 259.png in Resources */,
				606F16681D6ED2C700CC9F4C /* 286.png in Resources */,
				606F16441D6ED2C700CC9F4C /* 250.png in Resources */,
				606F16A41D6ED2C700CC9F4C /* 670.png in Resources */,
				606F16601D6ED2C700CC9F4C /* 278.png in Resources */,
				606F165C1D6ED2C700CC9F4C /* 274.png in Resources */,
				606F16731D6ED2C700CC9F4C /* 297.png in Resources */,
				606F15291D6ED0BE00CC9F4C /* Assets.xcassets in Resources */,
				606F168A1D6ED2C700CC9F4C /* 320.png in Resources */,
				606F16941D6ED2C700CC9F4C /* 330.png in Resources */,
				606F16CB1D6ED2C700CC9F4C /* 3.png in Resources */,
				606F167C1D6ED2C700CC9F4C /* 306.png in Resources */,
				606F16B81D6ED2C700CC9F4C /* 1.png in Resources */,
				606F16511D6ED2C700CC9F4C /* 263.png in Resources */,
				606F16C71D6ED2C700CC9F4C /* 2.png in Resources */,
				606F169A1D6ED2C700CC9F4C /* 336.png in Resources */,
				606F167B1D6ED2C700CC9F4C /* 305.png in Resources */,
				606F167F1D6ED2C700CC9F4C /* 309.png in Resources */,
				606F16AA1D6ED2C700CC9F4C /* 679.png in Resources */,
				606F16A51D6ED2C700CC9F4C /* 671.png in Resources */,
				606F164B1D6ED2C700CC9F4C /* 257.png in Resources */,
				606F16631D6ED2C700CC9F4C /* 281.png in Resources */,
				606F167D1D6ED2C700CC9F4C /* 307.png in Resources */,
				606F162F1D6ED2C700CC9F4C /* 229.png in Resources */,
				606F16341D6ED2C700CC9F4C /* 234.png in Resources */,
				606F16A71D6ED2C700CC9F4C /* 673.png in Resources */,
				606F166F1D6ED2C700CC9F4C /* 293.png in Resources */,
				606F162A1D6ED2C700CC9F4C /* 224.png in Resources */,
				606F16491D6ED2C700CC9F4C /* 255.png in Resources */,
				606F16621D6ED2C700CC9F4C /* 280.png in Resources */,
				606F163A1D6ED2C700CC9F4C /* 240.png in Resources */,
				606F16501D6ED2C700CC9F4C /* 262.png in Resources */,
				606F16B11D6ED2C700CC9F4C /* 687.png in Resources */,
				606F16321D6ED2C700CC9F4C /* 232.png in Resources */,
				606F16471D6ED2C700CC9F4C /* 253.png in Resources */,
				606F16CA1D6ED2C700CC9F4C /* 211q.png in Resources */,
				606F16781D6ED2C700CC9F4C /* 302.png in Resources */,
				606F16D11D6ED2C700CC9F4C /* 9.png in Resources */,
				606F165F1D6ED2C700CC9F4C /* 277.png in Resources */,
				606F16AB1D6ED2C700CC9F4C /* 680.png in Resources */,
				606F16291D6ED2C700CC9F4C /* 223.png in Resources */,
				606F16CE1D6ED2C700CC9F4C /* 6.png in Resources */,
				606F161C1D6ED2C700CC9F4C /* 210.png in Resources */,
				606F16901D6ED2C700CC9F4C /* 326.png in Resources */,
				606F168E1D6ED2C700CC9F4C /* 324.png in Resources */,
				606F16671D6ED2C700CC9F4C /* 285.png in Resources */,
				606F164E1D6ED2C700CC9F4C /* 260.png in Resources */,
				606F16771D6ED2C700CC9F4C /* 301.png in Resources */,
				606F16281D6ED2C700CC9F4C /* 222.png in Resources */,
				606F161B1D6ED2C700CC9F4C /* 209.png in Resources */,
				606F16751D6ED2C700CC9F4C /* 299.png in Resources */,
				606F16761D6ED2C700CC9F4C /* 300.png in Resources */,
				606F169C1D6ED2C700CC9F4C /* 338.png in Resources */,
				606F169D1D6ED2C700CC9F4C /* 339.png in Resources */,
				606F16CD1D6ED2C700CC9F4C /* 5.png in Resources */,
				606F16C91D6ED2C700CC9F4C /* 21.png in Resources */,
				606F16521D6ED2C700CC9F4C /* 264.png in Resources */,
				606F166C1D6ED2C700CC9F4C /* 290.png in Resources */,
				606F16611D6ED2C700CC9F4C /* 279.png in Resources */,
				606F16311D6ED2C700CC9F4C /* 231.png in Resources */,
				606F16811D6ED2C700CC9F4C /* 311.png in Resources */,
				606F16691D6ED2C700CC9F4C /* 287.png in Resources */,
				606F16B91D6ED2C700CC9F4C /* 10.png in Resources */,
				606F16581D6ED2C700CC9F4C /* 270.png in Resources */,
				606F16BE1D6ED2C700CC9F4C /* 14.png in Resources */,
				606F16201D6ED2C700CC9F4C /* 214.png in Resources */,
				606F16C31D6ED2C700CC9F4C /* 17.png in Resources */,
				606F165A1D6ED2C700CC9F4C /* 272.png in Resources */,
				606F16C01D6ED2C700CC9F4C /* 16-2.png in Resources */,
				606F16651D6ED2C700CC9F4C /* 283.png in Resources */,
				606F16A11D6ED2C700CC9F4C /* 343.png in Resources */,
				606F16571D6ED2C700CC9F4C /* 269.png in Resources */,
				606F16A21D6ED2C700CC9F4C /* 668.png in Resources */,
				606F16851D6ED2C700CC9F4C /* 315.png in Resources */,
				606F16641D6ED2C700CC9F4C /* 282.png in Resources */,
				606F16B01D6ED2C700CC9F4C /* 685.png in Resources */,
				606F16BF1D6ED2C700CC9F4C /* 15.png in Resources */,
				606F16701D6ED2C700CC9F4C /* 294.png in Resources */,
				606F16BB1D6ED2C700CC9F4C /* 111q.png in Resources */,
				606F16A61D6ED2C700CC9F4C /* 672.png in Resources */,
				606F164C1D6ED2C700CC9F4C /* 258.png in Resources */,
				606F16861D6ED2C700CC9F4C /* 316.png in Resources */,
				606F16371D6ED2C700CC9F4C /* 237.png in Resources */,
				606F16881D6ED2C700CC9F4C /* 318.png in Resources */,
				606F162C1D6ED2C700CC9F4C /* 226.png in Resources */,
				606F16CC1D6ED2C700CC9F4C /* 4.png in Resources */,
				606F16C21D6ED2C700CC9F4C /* 17-2.png in Resources */,
				606F162E1D6ED2C700CC9F4C /* 228.png in Resources */,
				606F167E1D6ED2C700CC9F4C /* 308.png in Resources */,
				606F15271D6ED0BE00CC9F4C /* Main.storyboard in Resources */,
				606F16421D6ED2C700CC9F4C /* 248.png in Resources */,
				606F163E1D6ED2C700CC9F4C /* 244.png in Resources */,
				606F16271D6ED2C700CC9F4C /* 221.png in Resources */,
				606F161D1D6ED2C700CC9F4C /* 211.png in Resources */,
				606F16431D6ED2C700CC9F4C /* 249.png in Resources */,
				606F16891D6ED2C700CC9F4C /* 319.png in Resources */,
				606F16741D6ED2C700CC9F4C /* 298.png in Resources */,
				606F16191D6ED2C700CC9F4C /* 207.png in Resources */,
				606F16991D6ED2C700CC9F4C /* 335.png in Resources */,
				606F16231D6ED2C700CC9F4C /* 217.png in Resources */,
				606F163F1D6ED2C700CC9F4C /* 245.png in Resources */,
				606F165D1D6ED2C700CC9F4C /* 275.png in Resources */,
				606F168F1D6ED2C700CC9F4C /* 325.png in Resources */,
				606F168B1D6ED2C700CC9F4C /* 321.png in Resources */,
				606F16821D6ED2C700CC9F4C /* 312.png in Resources */,
				606F164F1D6ED2C700CC9F4C /* 261.png in Resources */,
				606F16481D6ED2C700CC9F4C /* 254.png in Resources */,
				606F16C11D6ED2C700CC9F4C /* 16.png in Resources */,
				606F16841D6ED2C700CC9F4C /* 314.png in Resources */,
				606F169F1D6ED2C700CC9F4C /* 341.png in Resources */,
				606F162D1D6ED2C700CC9F4C /* 227.png in Resources */,
				606F16171D6ED2C700CC9F4C /* 205.png in Resources */,
				606F16411D6ED2C700CC9F4C /* 247.png in Resources */,
				606F16D21D6ED2C700CC9F4C /* backGround.png in Resources */,
				606F168C1D6ED2C700CC9F4C /* 322.png in Resources */,
				606F16A81D6ED2C700CC9F4C /* 677.png in Resources */,
				606F16C51D6ED2C700CC9F4C /* 18.png in Resources */,
				606F16721D6ED2C700CC9F4C /* 296.png in Resources */,
				606F169B1D6ED2C700CC9F4C /* 337.png in Resources */,
				606F16801D6ED2C700CC9F4C /* 310.png in Resources */,
				606F16B21D6ED2C700CC9F4C /* data.sqlite in Resources */,
				606F16391D6ED2C700CC9F4C /* 239.png in Resources */,
				606F16791D6ED2C700CC9F4C /* 303.png in Resources */,
				606F16561D6ED2C700CC9F4C /* 268.png in Resources */,
				606F16AE1D6ED2C700CC9F4C /* 683.png in Resources */,
				606F16181D6ED2C700CC9F4C /* 206.png in Resources */,
				606F16971D6ED2C700CC9F4C /* 333.png in Resources */,
				606F16A91D6ED2C700CC9F4C /* 678.png in Resources */,
				606F16551D6ED2C700CC9F4C /* 267.png in Resources */,
				606F166A1D6ED2C700CC9F4C /* 288.png in Resources */,
				606F161E1D6ED2C700CC9F4C /* 212.png in Resources */,
				606F162B1D6ED2C700CC9F4C /* 225.png in Resources */,
				606F16161D6ED2C700CC9F4C /* 204.png in Resources */,
				606F166D1D6ED2C700CC9F4C /* 291.png in Resources */,
				606F16C61D6ED2C700CC9F4C /* 19.png in Resources */,
				606F16381D6ED2C700CC9F4C /* 238.png in Resources */,
				606F16711D6ED2C700CC9F4C /* 295.png in Resources */,
				606F165E1D6ED2C700CC9F4C /* 276.png in Resources */,
				606F16871D6ED2C700CC9F4C /* 317.png in Resources */,
				606F16C81D6ED2C700CC9F4C /* 20.png in Resources */,
				606F166B1D6ED2C700CC9F4C /* 289.png in Resources */,
				606F16AC1D6ED2C700CC9F4C /* 681.png in Resources */,
				606F16AF1D6ED2C700CC9F4C /* 684.png in Resources */,
				606F166E1D6ED2C700CC9F4C /* 292.png in Resources */,
				606F169E1D6ED2C700CC9F4C /* 340.png in Resources */,
				606F16A01D6ED2C700CC9F4C /* 342.png in Resources */,
				606F16361D6ED2C700CC9F4C /* 236.png in Resources */,
				606F16151D6ED2C700CC9F4C /* 203.png in Resources */,
			);
			runOnlyForDeploymentPostprocessing = 0;
		};
		606F15301D6ED0BE00CC9F4C /* Resources */ = {
			isa = PBXResourcesBuildPhase;
			buildActionMask = 2147483647;
			files = (
			);
			runOnlyForDeploymentPostprocessing = 0;
		};
		606F153B1D6ED0BE00CC9F4C /* Resources */ = {
			isa = PBXResourcesBuildPhase;
			buildActionMask = 2147483647;
			files = (
			);
			runOnlyForDeploymentPostprocessing = 0;
		};
/* End PBXResourcesBuildPhase section */

/* Begin PBXSourcesBuildPhase section */
		606F15151D6ED0BE00CC9F4C /* Sources */ = {
			isa = PBXSourcesBuildPhase;
			buildActionMask = 2147483647;
			files = (
				606F15241D6ED0BE00CC9F4C /* ViewController.m in Sources */,
				606F16B51D6ED2C700CC9F4C /* FMDatabasePool.m in Sources */,
				606F15211D6ED0BE00CC9F4C /* AppDelegate.m in Sources */,
				606F16B61D6ED2C700CC9F4C /* FMDatabaseQueue.m in Sources */,
				606F151E1D6ED0BE00CC9F4C /* main.m in Sources */,
				606F16B31D6ED2C700CC9F4C /* FMDatabase.m in Sources */,
				606F16B71D6ED2C700CC9F4C /* FMResultSet.m in Sources */,
				606F16B41D6ED2C700CC9F4C /* FMDatabaseAdditions.m in Sources */,
			);
			runOnlyForDeploymentPostprocessing = 0;
		};
		606F152E1D6ED0BE00CC9F4C /* Sources */ = {
			isa = PBXSourcesBuildPhase;
			buildActionMask = 2147483647;
			files = (
				606F15371D6ED0BE00CC9F4C /* ____Tests.m in Sources */,
			);
			runOnlyForDeploymentPostprocessing = 0;
		};
		606F15391D6ED0BE00CC9F4C /* Sources */ = {
			isa = PBXSourcesBuildPhase;
			buildActionMask = 2147483647;
			files = (
				606F15421D6ED0BE00CC9F4C /* ____UITests.m in Sources */,
			);
			runOnlyForDeploymentPostprocessing = 0;
		};
/* End PBXSourcesBuildPhase section */

/* Begin PBXTargetDependency section */
		606F15341D6ED0BE00CC9F4C /* PBXTargetDependency */ = {
			isa = PBXTargetDependency;
			target = 606F15181D6ED0BE00CC9F4C /* 驾考助手 */;
			targetProxy = 606F15331D6ED0BE00CC9F4C /* PBXContainerItemProxy */;
		};
		606F153F1D6ED0BE00CC9F4C /* PBXTargetDependency */ = {
			isa = PBXTargetDependency;
			target = 606F15181D6ED0BE00CC9F4C /* 驾考助手 */;
			targetProxy = 606F153E1D6ED0BE00CC9F4C /* PBXContainerItemProxy */;
		};
/* End PBXTargetDependency section */

/* Begin PBXVariantGroup section */
		606F15251D6ED0BE00CC9F4C /* Main.storyboard */ = {
			isa = PBXVariantGroup;
			children = (
				606F15261D6ED0BE00CC9F4C /* Base */,
			);
			name = Main.storyboard;
			sourceTree = "<group>";
		};
		606F152A1D6ED0BE00CC9F4C /* LaunchScreen.storyboard */ = {
			isa = PBXVariantGroup;
			children = (
				606F152B1D6ED0BE00CC9F4C /* Base */,
			);
			name = LaunchScreen.storyboard;
			sourceTree = "<group>";
		};
/* End PBXVariantGroup section */

/* Begin XCBuildConfiguration section */
		606F15441D6ED0BE00CC9F4C /* Debug */ = {
			isa = XCBuildConfiguration;
			buildSettings = {
				ALWAYS_SEARCH_USER_PATHS = NO;
				CLANG_ANALYZER_NONNULL = YES;
				CLANG_CXX_LANGUAGE_STANDARD = "gnu++0x";
				CLANG_CXX_LIBRARY = "libc++";
				CLANG_ENABLE_MODULES = YES;
				CLANG_ENABLE_OBJC_ARC = YES;
				CLANG_WARN_BOOL_CONVERSION = YES;
				CLANG_WARN_CONSTANT_CONVERSION = YES;
				CLANG_WARN_DIRECT_OBJC_ISA_USAGE = YES_ERROR;
				CLANG_WARN_EMPTY_BODY = YES;
				CLANG_WARN_ENUM_CONVERSION = YES;
				CLANG_WARN_INT_CONVERSION = YES;
				CLANG_WARN_OBJC_ROOT_CLASS = YES_ERROR;
				CLANG_WARN_UNREACHABLE_CODE = YES;
				CLANG_WARN__DUPLICATE_METHOD_MATCH = YES;
				"CODE_SIGN_IDENTITY[sdk=iphoneos*]" = "iPhone Developer";
				COPY_PHASE_STRIP = NO;
				DEBUG_INFORMATION_FORMAT = dwarf;
				ENABLE_STRICT_OBJC_MSGSEND = YES;
				ENABLE_TESTABILITY = YES;
				GCC_C_LANGUAGE_STANDARD = gnu99;
				GCC_DYNAMIC_NO_PIC = NO;
				GCC_NO_COMMON_BLOCKS = YES;
				GCC_OPTIMIZATION_LEVEL = 0;
				GCC_PREPROCESSOR_DEFINITIONS = (
					"DEBUG=1",
					"$(inherited)",
				);
				GCC_WARN_64_TO_32_BIT_CONVERSION = YES;
				GCC_WARN_ABOUT_RETURN_TYPE = YES_ERROR;
				GCC_WARN_UNDECLARED_SELECTOR = YES;
				GCC_WARN_UNINITIALIZED_AUTOS = YES_AGGRESSIVE;
				GCC_WARN_UNUSED_FUNCTION = YES;
				GCC_WARN_UNUSED_VARIABLE = YES;
				IPHONEOS_DEPLOYMENT_TARGET = 9.3;
				MTL_ENABLE_DEBUG_INFO = YES;
				ONLY_ACTIVE_ARCH = YES;
				SDKROOT = iphoneos;
			};
			name = Debug;
		};
		606F15451D6ED0BE00CC9F4C /* Release */ = {
			isa = XCBuildConfiguration;
			buildSettings = {
				ALWAYS_SEARCH_USER_PATHS = NO;
				CLANG_ANALYZER_NONNULL = YES;
				CLANG_CXX_LANGUAGE_STANDARD = "gnu++0x";
				CLANG_CXX_LIBRARY = "libc++";
				CLANG_ENABLE_MODULES = YES;
				CLANG_ENABLE_OBJC_ARC = YES;
				CLANG_WARN_BOOL_CONVERSION = YES;
				CLANG_WARN_CONSTANT_CONVERSION = YES;
				CLANG_WARN_DIRECT_OBJC_ISA_USAGE = YES_ERROR;
				CLANG_WARN_EMPTY_BODY = YES;
				CLANG_WARN_ENUM_CONVERSION = YES;
				CLANG_WARN_INT_CONVERSION = YES;
				CLANG_WARN_OBJC_ROOT_CLASS = YES_ERROR;
				CLANG_WARN_UNREACHABLE_CODE = YES;
				CLANG_WARN__DUPLICATE_METHOD_MATCH = YES;
				"CODE_SIGN_IDENTITY[sdk=iphoneos*]" = "iPhone Developer";
				COPY_PHASE_STRIP = NO;
				DEBUG_INFORMATION_FORMAT = "dwarf-with-dsym";
				ENABLE_NS_ASSERTIONS = NO;
				ENABLE_STRICT_OBJC_MSGSEND = YES;
				GCC_C_LANGUAGE_STANDARD = gnu99;
				GCC_NO_COMMON_BLOCKS = YES;
				GCC_WARN_64_TO_32_BIT_CONVERSION = YES;
				GCC_WARN_ABOUT_RETURN_TYPE = YES_ERROR;
				GCC_WARN_UNDECLARED_SELECTOR = YES;
				GCC_WARN_UNINITIALIZED_AUTOS = YES_AGGRESSIVE;
				GCC_WARN_UNUSED_FUNCTION = YES;
				GCC_WARN_UNUSED_VARIABLE = YES;
				IPHONEOS_DEPLOYMENT_TARGET = 9.3;
				MTL_ENABLE_DEBUG_INFO = NO;
				SDKROOT = iphoneos;
				VALIDATE_PRODUCT = YES;
			};
			name = Release;
		};
		606F15471D6ED0BE00CC9F4C /* Debug */ = {
			isa = XCBuildConfiguration;
			buildSettings = {
				ASSETCATALOG_COMPILER_APPICON_NAME = AppIcon;
				INFOPLIST_FILE = "驾考助手/Info.plist";
				IPHONEOS_DEPLOYMENT_TARGET = 8.0;
				LD_RUNPATH_SEARCH_PATHS = "$(inherited) @executable_path/Frameworks";
				PRODUCT_BUNDLE_IDENTIFIER = "Amoyb1oo.----";
				PRODUCT_NAME = "$(TARGET_NAME)";
			};
			name = Debug;
		};
		606F15481D6ED0BE00CC9F4C /* Release */ = {
			isa = XCBuildConfiguration;
			buildSettings = {
				ASSETCATALOG_COMPILER_APPICON_NAME = AppIcon;
				INFOPLIST_FILE = "驾考助手/Info.plist";
				IPHONEOS_DEPLOYMENT_TARGET = 8.0;
				LD_RUNPATH_SEARCH_PATHS = "$(inherited) @executable_path/Frameworks";
				PRODUCT_BUNDLE_IDENTIFIER = "Amoyb1oo.----";
				PRODUCT_NAME = "$(TARGET_NAME)";
			};
			name = Release;
		};
		606F154A1D6ED0BE00CC9F4C /* Debug */ = {
			isa = XCBuildConfiguration;
			buildSettings = {
				BUNDLE_LOADER = "$(TEST_HOST)";
				INFOPLIST_FILE = "驾考助手Tests/Info.plist";
				LD_RUNPATH_SEARCH_PATHS = "$(inherited) @executable_path/Frameworks @loader_path/Frameworks";
				PRODUCT_BUNDLE_IDENTIFIER = "Amoyb1oo.----Tests";
				PRODUCT_NAME = "$(TARGET_NAME)";
				TEST_HOST = "$(BUILT_PRODUCTS_DIR)/驾考助手.app/驾考助手";
			};
			name = Debug;
		};
		606F154B1D6ED0BE00CC9F4C /* Release */ = {
			isa = XCBuildConfiguration;
			buildSettings = {
				BUNDLE_LOADER = "$(TEST_HOST)";
				INFOPLIST_FILE = "驾考助手Tests/Info.plist";
				LD_RUNPATH_SEARCH_PATHS = "$(inherited) @executable_path/Frameworks @loader_path/Frameworks";
				PRODUCT_BUNDLE_IDENTIFIER = "Amoyb1oo.----Tests";
				PRODUCT_NAME = "$(TARGET_NAME)";
				TEST_HOST = "$(BUILT_PRODUCTS_DIR)/驾考助手.app/驾考助手";
			};
			name = Release;
		};
		606F154D1D6ED0BE00CC9F4C /* Debug */ = {
			isa = XCBuildConfiguration;
			buildSettings = {
				INFOPLIST_FILE = "驾考助手UITests/Info.plist";
				LD_RUNPATH_SEARCH_PATHS = "$(inherited) @executable_path/Frameworks @loader_path/Frameworks";
				PRODUCT_BUNDLE_IDENTIFIER = "Amoyb1oo.----UITests";
				PRODUCT_NAME = "$(TARGET_NAME)";
				TEST_TARGET_NAME = "驾考助手";
			};
			name = Debug;
		};
		606F154E1D6ED0BE00CC9F4C /* Release */ = {
			isa = XCBuildConfiguration;
			buildSettings = {
				INFOPLIST_FILE = "驾考助手UITests/Info.plist";
				LD_RUNPATH_SEARCH_PATHS = "$(inherited) @executable_path/Frameworks @loader_path/Frameworks";
				PRODUCT_BUNDLE_IDENTIFIER = "Amoyb1oo.----UITests";
				PRODUCT_NAME = "$(TARGET_NAME)";
				TEST_TARGET_NAME = "驾考助手";
			};
			name = Release;
		};
/* End XCBuildConfiguration section */

/* Begin XCConfigurationList section */
		606F15141D6ED0BE00CC9F4C /* Build configuration list for PBXProject "驾考助手" */ = {
			isa = XCConfigurationList;
			buildConfigurations = (
				606F15441D6ED0BE00CC9F4C /* Debug */,
				606F15451D6ED0BE00CC9F4C /* Release */,
			);
			defaultConfigurationIsVisible = 0;
			defaultConfigurationName = Release;
		};
		606F15461D6ED0BE00CC9F4C /* Build configuration list for PBXNativeTarget "驾考助手" */ = {
			isa = XCConfigurationList;
			buildConfigurations = (
				606F15471D6ED0BE00CC9F4C /* Debug */,
				606F15481D6ED0BE00CC9F4C /* Release */,
			);
			defaultConfigurationIsVisible = 0;
		};
		606F15491D6ED0BE00CC9F4C /* Build configuration list for PBXNativeTarget "驾考助手Tests" */ = {
			isa = XCConfigurationList;
			buildConfigurations = (
				606F154A1D6ED0BE00CC9F4C /* Debug */,
				606F154B1D6ED0BE00CC9F4C /* Release */,
			);
			defaultConfigurationIsVisible = 0;
		};
		606F154C1D6ED0BE00CC9F4C /* Build configuration list for PBXNativeTarget "驾考助手UITests" */ = {
			isa = XCConfigurationList;
			buildConfigurations = (
				606F154D1D6ED0BE00CC9F4C /* Debug */,
				606F154E1D6ED0BE00CC9F4C /* Release */,
			);
			defaultConfigurationIsVisible = 0;
		};
/* End XCConfigurationList section */
	};
	rootObject = 606F15111D6ED0BE00CC9F4C /* Project object */;
}
